// !$*UTF8*$!
{
	archiveVersion = 1;
	classes = {
	};
	objectVersion = 46;
	objects = {

/* Begin PBXBuildFile section */
		6E9FA37418138ECE00785A09 /* Cocoa.framework in Frameworks */ = {isa = PBXBuildFile; fileRef = 6E9FA37318138ECE00785A09 /* Cocoa.framework */; };
		6E9FA37E18138ECE00785A09 /* InfoPlist.strings in Resources */ = {isa = PBXBuildFile; fileRef = 6E9FA37C18138ECE00785A09 /* InfoPlist.strings */; };
		6E9FA38018138ECE00785A09 /* main.m in Sources */ = {isa = PBXBuildFile; fileRef = 6E9FA37F18138ECE00785A09 /* main.m */; };
		6E9FA38418138ECE00785A09 /* Credits.rtf in Resources */ = {isa = PBXBuildFile; fileRef = 6E9FA38218138ECE00785A09 /* Credits.rtf */; };
		6E9FA38718138ECE00785A09 /* FBMAppDelegate.m in Sources */ = {isa = PBXBuildFile; fileRef = 6E9FA38618138ECE00785A09 /* FBMAppDelegate.m */; };
		6E9FA38A18138ECE00785A09 /* MainMenu.xib in Resources */ = {isa = PBXBuildFile; fileRef = 6E9FA38818138ECE00785A09 /* MainMenu.xib */; };
		6E9FA38C18138ECE00785A09 /* Images.xcassets in Resources */ = {isa = PBXBuildFile; fileRef = 6E9FA38B18138ECE00785A09 /* Images.xcassets */; };
		6E9FA39318138ECE00785A09 /* XCTest.framework in Frameworks */ = {isa = PBXBuildFile; fileRef = 6E9FA39218138ECE00785A09 /* XCTest.framework */; };
		6E9FA39418138ECE00785A09 /* Cocoa.framework in Frameworks */ = {isa = PBXBuildFile; fileRef = 6E9FA37318138ECE00785A09 /* Cocoa.framework */; };
		6E9FA39C18138ECE00785A09 /* InfoPlist.strings in Resources */ = {isa = PBXBuildFile; fileRef = 6E9FA39A18138ECE00785A09 /* InfoPlist.strings */; };
		6E9FA39E18138ECE00785A09 /* Facebook_MessengerTests.m in Sources */ = {isa = PBXBuildFile; fileRef = 6E9FA39D18138ECE00785A09 /* Facebook_MessengerTests.m */; };
		6E9FA3A818138F3A00785A09 /* Accounts.framework in Frameworks */ = {isa = PBXBuildFile; fileRef = 6E9FA3A718138F3A00785A09 /* Accounts.framework */; };
		6E9FA3AA18138F4100785A09 /* Social.framework in Frameworks */ = {isa = PBXBuildFile; fileRef = 6E9FA3A918138F4100785A09 /* Social.framework */; };
		6E9FA3AB18138F4B00785A09 /* CoreData.framework in Frameworks */ = {isa = PBXBuildFile; fileRef = 6E9FA37718138ECE00785A09 /* CoreData.framework */; };
		6E9FA3AE18138F7A00785A09 /* FBMStore.m in Sources */ = {isa = PBXBuildFile; fileRef = 6E9FA3AD18138F7A00785A09 /* FBMStore.m */; };
		6E9FA3B21813A6BE00785A09 /* FBModel.xcdatamodeld in Sources */ = {isa = PBXBuildFile; fileRef = 6E9FA3B01813A6BE00785A09 /* FBModel.xcdatamodeld */; };
		6E9FA3B8181439E500785A09 /* FBMInboxWindowController.m in Sources */ = {isa = PBXBuildFile; fileRef = 6E9FA3B6181439E500785A09 /* FBMInboxWindowController.m */; };
		6E9FA3B9181439E500785A09 /* FBMInboxWindowController.xib in Resources */ = {isa = PBXBuildFile; fileRef = 6E9FA3B7181439E500785A09 /* FBMInboxWindowController.xib */; };
		6E9FA3D518144DDB00785A09 /* FBUser.m in Sources */ = {isa = PBXBuildFile; fileRef = 6E9FA3D418144DDB00785A09 /* FBUser.m */; };
		6E9FA3D818144DDC00785A09 /* FBConversation.m in Sources */ = {isa = PBXBuildFile; fileRef = 6E9FA3D718144DDC00785A09 /* FBConversation.m */; };
		6E9FA3DB18144DDC00785A09 /* FBConversationComment.m in Sources */ = {isa = PBXBuildFile; fileRef = 6E9FA3DA18144DDC00785A09 /* FBConversationComment.m */; };
		6E9FA3E1181466A900785A09 /* FBMConversationWindowController.m in Sources */ = {isa = PBXBuildFile; fileRef = 6E9FA3DF181466A900785A09 /* FBMConversationWindowController.m */; };
		6E9FA3E2181466A900785A09 /* FBMConversationWindowController.xib in Resources */ = {isa = PBXBuildFile; fileRef = 6E9FA3E0181466A900785A09 /* FBMConversationWindowController.xib */; };
/* End PBXBuildFile section */

/* Begin PBXContainerItemProxy section */
		6E9FA39518138ECE00785A09 /* PBXContainerItemProxy */ = {
			isa = PBXContainerItemProxy;
			containerPortal = 6E9FA36818138ECD00785A09 /* Project object */;
			proxyType = 1;
			remoteGlobalIDString = 6E9FA36F18138ECD00785A09;
			remoteInfo = "Facebook Messenger";
		};
/* End PBXContainerItemProxy section */

/* Begin PBXFileReference section */
		6E9FA37018138ECE00785A09 /* Facebook Messenger.app */ = {isa = PBXFileReference; explicitFileType = wrapper.application; includeInIndex = 0; path = "Facebook Messenger.app"; sourceTree = BUILT_PRODUCTS_DIR; };
		6E9FA37318138ECE00785A09 /* Cocoa.framework */ = {isa = PBXFileReference; lastKnownFileType = wrapper.framework; name = Cocoa.framework; path = System/Library/Frameworks/Cocoa.framework; sourceTree = SDKROOT; };
		6E9FA37618138ECE00785A09 /* AppKit.framework */ = {isa = PBXFileReference; lastKnownFileType = wrapper.framework; name = AppKit.framework; path = System/Library/Frameworks/AppKit.framework; sourceTree = SDKROOT; };
		6E9FA37718138ECE00785A09 /* CoreData.framework */ = {isa = PBXFileReference; lastKnownFileType = wrapper.framework; name = CoreData.framework; path = System/Library/Frameworks/CoreData.framework; sourceTree = SDKROOT; };
		6E9FA37818138ECE00785A09 /* Foundation.framework */ = {isa = PBXFileReference; lastKnownFileType = wrapper.framework; name = Foundation.framework; path = System/Library/Frameworks/Foundation.framework; sourceTree = SDKROOT; };
		6E9FA37B18138ECE00785A09 /* Facebook Messenger-Info.plist */ = {isa = PBXFileReference; lastKnownFileType = text.plist.xml; path = "Facebook Messenger-Info.plist"; sourceTree = "<group>"; };
		6E9FA37D18138ECE00785A09 /* en */ = {isa = PBXFileReference; lastKnownFileType = text.plist.strings; name = en; path = en.lproj/InfoPlist.strings; sourceTree = "<group>"; };
		6E9FA37F18138ECE00785A09 /* main.m */ = {isa = PBXFileReference; lastKnownFileType = sourcecode.c.objc; path = main.m; sourceTree = "<group>"; };
		6E9FA38118138ECE00785A09 /* Facebook Messenger-Prefix.pch */ = {isa = PBXFileReference; lastKnownFileType = sourcecode.c.h; path = "Facebook Messenger-Prefix.pch"; sourceTree = "<group>"; };
		6E9FA38318138ECE00785A09 /* en */ = {isa = PBXFileReference; lastKnownFileType = text.rtf; name = en; path = en.lproj/Credits.rtf; sourceTree = "<group>"; };
		6E9FA38518138ECE00785A09 /* FBMAppDelegate.h */ = {isa = PBXFileReference; lastKnownFileType = sourcecode.c.h; path = FBMAppDelegate.h; sourceTree = "<group>"; };
		6E9FA38618138ECE00785A09 /* FBMAppDelegate.m */ = {isa = PBXFileReference; lastKnownFileType = sourcecode.c.objc; path = FBMAppDelegate.m; sourceTree = "<group>"; };
		6E9FA38918138ECE00785A09 /* Base */ = {isa = PBXFileReference; lastKnownFileType = file.xib; name = Base; path = Base.lproj/MainMenu.xib; sourceTree = "<group>"; };
		6E9FA38B18138ECE00785A09 /* Images.xcassets */ = {isa = PBXFileReference; lastKnownFileType = folder.assetcatalog; path = Images.xcassets; sourceTree = "<group>"; };
		6E9FA39118138ECE00785A09 /* Facebook MessengerTests.xctest */ = {isa = PBXFileReference; explicitFileType = wrapper.cfbundle; includeInIndex = 0; path = "Facebook MessengerTests.xctest"; sourceTree = BUILT_PRODUCTS_DIR; };
		6E9FA39218138ECE00785A09 /* XCTest.framework */ = {isa = PBXFileReference; lastKnownFileType = wrapper.framework; name = XCTest.framework; path = Library/Frameworks/XCTest.framework; sourceTree = DEVELOPER_DIR; };
		6E9FA39918138ECE00785A09 /* Facebook MessengerTests-Info.plist */ = {isa = PBXFileReference; lastKnownFileType = text.plist.xml; path = "Facebook MessengerTests-Info.plist"; sourceTree = "<group>"; };
		6E9FA39B18138ECE00785A09 /* en */ = {isa = PBXFileReference; lastKnownFileType = text.plist.strings; name = en; path = en.lproj/InfoPlist.strings; sourceTree = "<group>"; };
		6E9FA39D18138ECE00785A09 /* Facebook_MessengerTests.m */ = {isa = PBXFileReference; lastKnownFileType = sourcecode.c.objc; path = Facebook_MessengerTests.m; sourceTree = "<group>"; };
		6E9FA3A718138F3A00785A09 /* Accounts.framework */ = {isa = PBXFileReference; lastKnownFileType = wrapper.framework; name = Accounts.framework; path = System/Library/Frameworks/Accounts.framework; sourceTree = SDKROOT; };
		6E9FA3A918138F4100785A09 /* Social.framework */ = {isa = PBXFileReference; lastKnownFileType = wrapper.framework; name = Social.framework; path = System/Library/Frameworks/Social.framework; sourceTree = SDKROOT; };
		6E9FA3AC18138F7A00785A09 /* FBMStore.h */ = {isa = PBXFileReference; fileEncoding = 4; lastKnownFileType = sourcecode.c.h; path = FBMStore.h; sourceTree = "<group>"; };
		6E9FA3AD18138F7A00785A09 /* FBMStore.m */ = {isa = PBXFileReference; fileEncoding = 4; lastKnownFileType = sourcecode.c.objc; path = FBMStore.m; sourceTree = "<group>"; };
		6E9FA3B11813A6BE00785A09 /* FBModel.xcdatamodel */ = {isa = PBXFileReference; lastKnownFileType = wrapper.xcdatamodel; path = FBModel.xcdatamodel; sourceTree = "<group>"; };
		6E9FA3B5181439E500785A09 /* FBMInboxWindowController.h */ = {isa = PBXFileReference; fileEncoding = 4; lastKnownFileType = sourcecode.c.h; path = FBMInboxWindowController.h; sourceTree = "<group>"; };
		6E9FA3B6181439E500785A09 /* FBMInboxWindowController.m */ = {isa = PBXFileReference; fileEncoding = 4; lastKnownFileType = sourcecode.c.objc; path = FBMInboxWindowController.m; sourceTree = "<group>"; };
		6E9FA3B7181439E500785A09 /* FBMInboxWindowController.xib */ = {isa = PBXFileReference; fileEncoding = 4; lastKnownFileType = file.xib; path = FBMInboxWindowController.xib; sourceTree = "<group>"; };
		6E9FA3D318144DDB00785A09 /* FBUser.h */ = {isa = PBXFileReference; fileEncoding = 4; lastKnownFileType = sourcecode.c.h; path = FBUser.h; sourceTree = "<group>"; };
		6E9FA3D418144DDB00785A09 /* FBUser.m */ = {isa = PBXFileReference; fileEncoding = 4; lastKnownFileType = sourcecode.c.objc; path = FBUser.m; sourceTree = "<group>"; };
		6E9FA3D618144DDC00785A09 /* FBConversation.h */ = {isa = PBXFileReference; fileEncoding = 4; lastKnownFileType = sourcecode.c.h; path = FBConversation.h; sourceTree = "<group>"; };
		6E9FA3D718144DDC00785A09 /* FBConversation.m */ = {isa = PBXFileReference; fileEncoding = 4; lastKnownFileType = sourcecode.c.objc; path = FBConversation.m; sourceTree = "<group>"; };
		6E9FA3D918144DDC00785A09 /* FBConversationComment.h */ = {isa = PBXFileReference; fileEncoding = 4; lastKnownFileType = sourcecode.c.h; path = FBConversationComment.h; sourceTree = "<group>"; };
		6E9FA3DA18144DDC00785A09 /* FBConversationComment.m */ = {isa = PBXFileReference; fileEncoding = 4; lastKnownFileType = sourcecode.c.objc; path = FBConversationComment.m; sourceTree = "<group>"; };
		6E9FA3DE181466A900785A09 /* FBMConversationWindowController.h */ = {isa = PBXFileReference; fileEncoding = 4; lastKnownFileType = sourcecode.c.h; path = FBMConversationWindowController.h; sourceTree = "<group>"; };
		6E9FA3DF181466A900785A09 /* FBMConversationWindowController.m */ = {isa = PBXFileReference; fileEncoding = 4; lastKnownFileType = sourcecode.c.objc; path = FBMConversationWindowController.m; sourceTree = "<group>"; };
		6E9FA3E0181466A900785A09 /* FBMConversationWindowController.xib */ = {isa = PBXFileReference; fileEncoding = 4; lastKnownFileType = file.xib; path = FBMConversationWindowController.xib; sourceTree = "<group>"; };
/* End PBXFileReference section */

/* Begin PBXFrameworksBuildPhase section */
		6E9FA36D18138ECD00785A09 /* Frameworks */ = {
			isa = PBXFrameworksBuildPhase;
			buildActionMask = 2147483647;
			files = (
				6E9FA3AB18138F4B00785A09 /* CoreData.framework in Frameworks */,
				6E9FA3AA18138F4100785A09 /* Social.framework in Frameworks */,
				6E9FA3A818138F3A00785A09 /* Accounts.framework in Frameworks */,
				6E9FA37418138ECE00785A09 /* Cocoa.framework in Frameworks */,
			);
			runOnlyForDeploymentPostprocessing = 0;
		};
		6E9FA38E18138ECE00785A09 /* Frameworks */ = {
			isa = PBXFrameworksBuildPhase;
			buildActionMask = 2147483647;
			files = (
				6E9FA39418138ECE00785A09 /* Cocoa.framework in Frameworks */,
				6E9FA39318138ECE00785A09 /* XCTest.framework in Frameworks */,
			);
			runOnlyForDeploymentPostprocessing = 0;
		};
/* End PBXFrameworksBuildPhase section */

/* Begin PBXGroup section */
		6E9FA36718138ECD00785A09 = {
			isa = PBXGroup;
			children = (
				6E9FA37918138ECE00785A09 /* Facebook Messenger */,
				6E9FA39718138ECE00785A09 /* Facebook MessengerTests */,
				6E9FA37218138ECE00785A09 /* Frameworks */,
				6E9FA37118138ECE00785A09 /* Products */,
			);
			sourceTree = "<group>";
		};
		6E9FA37118138ECE00785A09 /* Products */ = {
			isa = PBXGroup;
			children = (
				6E9FA37018138ECE00785A09 /* Facebook Messenger.app */,
				6E9FA39118138ECE00785A09 /* Facebook MessengerTests.xctest */,
			);
			name = Products;
			sourceTree = "<group>";
		};
		6E9FA37218138ECE00785A09 /* Frameworks */ = {
			isa = PBXGroup;
			children = (
				6E9FA3A918138F4100785A09 /* Social.framework */,
				6E9FA3A718138F3A00785A09 /* Accounts.framework */,
				6E9FA37318138ECE00785A09 /* Cocoa.framework */,
				6E9FA39218138ECE00785A09 /* XCTest.framework */,
				6E9FA37518138ECE00785A09 /* Other Frameworks */,
			);
			name = Frameworks;
			sourceTree = "<group>";
		};
		6E9FA37518138ECE00785A09 /* Other Frameworks */ = {
			isa = PBXGroup;
			children = (
				6E9FA37618138ECE00785A09 /* AppKit.framework */,
				6E9FA37718138ECE00785A09 /* CoreData.framework */,
				6E9FA37818138ECE00785A09 /* Foundation.framework */,
			);
			name = "Other Frameworks";
			sourceTree = "<group>";
		};
		6E9FA37918138ECE00785A09 /* Facebook Messenger */ = {
			isa = PBXGroup;
			children = (
				6E9FA38518138ECE00785A09 /* FBMAppDelegate.h */,
				6E9FA38618138ECE00785A09 /* FBMAppDelegate.m */,
				6E9FA38818138ECE00785A09 /* MainMenu.xib */,
				6E9FA38B18138ECE00785A09 /* Images.xcassets */,
				6E9FA3B01813A6BE00785A09 /* FBModel.xcdatamodeld */,
				6E9FA3B41813B25A00785A09 /* Controllers */,
				6E9FA3B31813ADFF00785A09 /* Models */,
				6E9FA3AF18138F9200785A09 /* Stores */,
				6E9FA37A18138ECE00785A09 /* Supporting Files */,
			);
			path = "Facebook Messenger";
			sourceTree = "<group>";
		};
		6E9FA37A18138ECE00785A09 /* Supporting Files */ = {
			isa = PBXGroup;
			children = (
				6E9FA37B18138ECE00785A09 /* Facebook Messenger-Info.plist */,
				6E9FA37C18138ECE00785A09 /* InfoPlist.strings */,
				6E9FA37F18138ECE00785A09 /* main.m */,
				6E9FA38118138ECE00785A09 /* Facebook Messenger-Prefix.pch */,
				6E9FA38218138ECE00785A09 /* Credits.rtf */,
			);
			name = "Supporting Files";
			sourceTree = "<group>";
		};
		6E9FA39718138ECE00785A09 /* Facebook MessengerTests */ = {
			isa = PBXGroup;
			children = (
				6E9FA39D18138ECE00785A09 /* Facebook_MessengerTests.m */,
				6E9FA39818138ECE00785A09 /* Supporting Files */,
			);
			path = "Facebook MessengerTests";
			sourceTree = "<group>";
		};
		6E9FA39818138ECE00785A09 /* Supporting Files */ = {
			isa = PBXGroup;
			children = (
				6E9FA39918138ECE00785A09 /* Facebook MessengerTests-Info.plist */,
				6E9FA39A18138ECE00785A09 /* InfoPlist.strings */,
			);
			name = "Supporting Files";
			sourceTree = "<group>";
		};
		6E9FA3AF18138F9200785A09 /* Stores */ = {
			isa = PBXGroup;
			children = (
				6E9FA3AC18138F7A00785A09 /* FBMStore.h */,
				6E9FA3AD18138F7A00785A09 /* FBMStore.m */,
			);
			name = Stores;
			sourceTree = "<group>";
		};
		6E9FA3B31813ADFF00785A09 /* Models */ = {
			isa = PBXGroup;
			children = (
				6E9FA3C318143FA500785A09 /* NSManagedObject */,
			);
			name = Models;
			sourceTree = "<group>";
		};
		6E9FA3B41813B25A00785A09 /* Controllers */ = {
			isa = PBXGroup;
			children = (
				6E9FA3DD1814668400785A09 /* Conversation */,
				6E9FA3DC1814667800785A09 /* Inbox */,
			);
			name = Controllers;
			sourceTree = "<group>";
		};
		6E9FA3C318143FA500785A09 /* NSManagedObject */ = {
			isa = PBXGroup;
			children = (
				6E9FA3D918144DDC00785A09 /* FBConversationComment.h */,
				6E9FA3DA18144DDC00785A09 /* FBConversationComment.m */,
				6E9FA3D618144DDC00785A09 /* FBConversation.h */,
				6E9FA3D718144DDC00785A09 /* FBConversation.m */,
				6E9FA3D318144DDB00785A09 /* FBUser.h */,
				6E9FA3D418144DDB00785A09 /* FBUser.m */,
			);
			name = NSManagedObject;
			sourceTree = "<group>";
		};
		6E9FA3DC1814667800785A09 /* Inbox */ = {
			isa = PBXGroup;
			children = (
				6E9FA3B5181439E500785A09 /* FBMInboxWindowController.h */,
				6E9FA3B6181439E500785A09 /* FBMInboxWindowController.m */,
				6E9FA3B7181439E500785A09 /* FBMInboxWindowController.xib */,
			);
			name = Inbox;
			sourceTree = "<group>";
		};
		6E9FA3DD1814668400785A09 /* Conversation */ = {
			isa = PBXGroup;
			children = (
				6E9FA3DE181466A900785A09 /* FBMConversationWindowController.h */,
				6E9FA3DF181466A900785A09 /* FBMConversationWindowController.m */,
				6E9FA3E0181466A900785A09 /* FBMConversationWindowController.xib */,
			);
			name = Conversation;
			sourceTree = "<group>";
		};
/* End PBXGroup section */

/* Begin PBXNativeTarget section */
		6E9FA36F18138ECD00785A09 /* Facebook Messenger */ = {
			isa = PBXNativeTarget;
			buildConfigurationList = 6E9FA3A118138ECE00785A09 /* Build configuration list for PBXNativeTarget "Facebook Messenger" */;
			buildPhases = (
				6E9FA36C18138ECD00785A09 /* Sources */,
				6E9FA36D18138ECD00785A09 /* Frameworks */,
				6E9FA36E18138ECD00785A09 /* Resources */,
			);
			buildRules = (
			);
			dependencies = (
			);
			name = "Facebook Messenger";
			productName = "Facebook Messenger";
			productReference = 6E9FA37018138ECE00785A09 /* Facebook Messenger.app */;
			productType = "com.apple.product-type.application";
		};
		6E9FA39018138ECE00785A09 /* Facebook MessengerTests */ = {
			isa = PBXNativeTarget;
			buildConfigurationList = 6E9FA3A418138ECE00785A09 /* Build configuration list for PBXNativeTarget "Facebook MessengerTests" */;
			buildPhases = (
				6E9FA38D18138ECE00785A09 /* Sources */,
				6E9FA38E18138ECE00785A09 /* Frameworks */,
				6E9FA38F18138ECE00785A09 /* Resources */,
			);
			buildRules = (
			);
			dependencies = (
				6E9FA39618138ECE00785A09 /* PBXTargetDependency */,
			);
			name = "Facebook MessengerTests";
			productName = "Facebook MessengerTests";
			productReference = 6E9FA39118138ECE00785A09 /* Facebook MessengerTests.xctest */;
			productType = "com.apple.product-type.bundle.unit-test";
		};
/* End PBXNativeTarget section */

/* Begin PBXProject section */
		6E9FA36818138ECD00785A09 /* Project object */ = {
			isa = PBXProject;
			attributes = {
				CLASSPREFIX = FBM;
				LastUpgradeCheck = 0500;
				ORGANIZATIONNAME = CDA;
				TargetAttributes = {
					6E9FA39018138ECE00785A09 = {
						TestTargetID = 6E9FA36F18138ECD00785A09;
					};
				};
			};
			buildConfigurationList = 6E9FA36B18138ECD00785A09 /* Build configuration list for PBXProject "Facebook Messenger" */;
			compatibilityVersion = "Xcode 3.2";
			developmentRegion = English;
			hasScannedForEncodings = 0;
			knownRegions = (
				en,
				Base,
			);
			mainGroup = 6E9FA36718138ECD00785A09;
			productRefGroup = 6E9FA37118138ECE00785A09 /* Products */;
			projectDirPath = "";
			projectRoot = "";
			targets = (
				6E9FA36F18138ECD00785A09 /* Facebook Messenger */,
				6E9FA39018138ECE00785A09 /* Facebook MessengerTests */,
			);
		};
/* End PBXProject section */

/* Begin PBXResourcesBuildPhase section */
		6E9FA36E18138ECD00785A09 /* Resources */ = {
			isa = PBXResourcesBuildPhase;
			buildActionMask = 2147483647;
			files = (
				6E9FA3E2181466A900785A09 /* FBMConversationWindowController.xib in Resources */,
				6E9FA37E18138ECE00785A09 /* InfoPlist.strings in Resources */,
				6E9FA3B9181439E500785A09 /* FBMInboxWindowController.xib in Resources */,
				6E9FA38C18138ECE00785A09 /* Images.xcassets in Resources */,
				6E9FA38418138ECE00785A09 /* Credits.rtf in Resources */,
				6E9FA38A18138ECE00785A09 /* MainMenu.xib in Resources */,
			);
			runOnlyForDeploymentPostprocessing = 0;
		};
		6E9FA38F18138ECE00785A09 /* Resources */ = {
			isa = PBXResourcesBuildPhase;
			buildActionMask = 2147483647;
			files = (
				6E9FA39C18138ECE00785A09 /* InfoPlist.strings in Resources */,
			);
			runOnlyForDeploymentPostprocessing = 0;
		};
/* End PBXResourcesBuildPhase section */

/* Begin PBXSourcesBuildPhase section */
		6E9FA36C18138ECD00785A09 /* Sources */ = {
			isa = PBXSourcesBuildPhase;
			buildActionMask = 2147483647;
			files = (
				6E9FA3DB18144DDC00785A09 /* FBConversationComment.m in Sources */,
				6E9FA3AE18138F7A00785A09 /* FBMStore.m in Sources */,
				6E9FA38718138ECE00785A09 /* FBMAppDelegate.m in Sources */,
				6E9FA3E1181466A900785A09 /* FBMConversationWindowController.m in Sources */,
				6E9FA3D818144DDC00785A09 /* FBConversation.m in Sources */,
				6E9FA38018138ECE00785A09 /* main.m in Sources */,
				6E9FA3B8181439E500785A09 /* FBMInboxWindowController.m in Sources */,
				6E9FA3D518144DDB00785A09 /* FBUser.m in Sources */,
				6E9FA3B21813A6BE00785A09 /* FBModel.xcdatamodeld in Sources */,
			);
			runOnlyForDeploymentPostprocessing = 0;
		};
		6E9FA38D18138ECE00785A09 /* Sources */ = {
			isa = PBXSourcesBuildPhase;
			buildActionMask = 2147483647;
			files = (
				6E9FA39E18138ECE00785A09 /* Facebook_MessengerTests.m in Sources */,
			);
			runOnlyForDeploymentPostprocessing = 0;
		};
/* End PBXSourcesBuildPhase section */

/* Begin PBXTargetDependency section */
		6E9FA39618138ECE00785A09 /* PBXTargetDependency */ = {
			isa = PBXTargetDependency;
			target = 6E9FA36F18138ECD00785A09 /* Facebook Messenger */;
			targetProxy = 6E9FA39518138ECE00785A09 /* PBXContainerItemProxy */;
		};
/* End PBXTargetDependency section */

/* Begin PBXVariantGroup section */
		6E9FA37C18138ECE00785A09 /* InfoPlist.strings */ = {
			isa = PBXVariantGroup;
			children = (
				6E9FA37D18138ECE00785A09 /* en */,
			);
			name = InfoPlist.strings;
			sourceTree = "<group>";
		};
		6E9FA38218138ECE00785A09 /* Credits.rtf */ = {
			isa = PBXVariantGroup;
			children = (
				6E9FA38318138ECE00785A09 /* en */,
			);
			name = Credits.rtf;
			sourceTree = "<group>";
		};
		6E9FA38818138ECE00785A09 /* MainMenu.xib */ = {
			isa = PBXVariantGroup;
			children = (
				6E9FA38918138ECE00785A09 /* Base */,
			);
			name = MainMenu.xib;
			sourceTree = "<group>";
		};
		6E9FA39A18138ECE00785A09 /* InfoPlist.strings */ = {
			isa = PBXVariantGroup;
			children = (
				6E9FA39B18138ECE00785A09 /* en */,
			);
			name = InfoPlist.strings;
			sourceTree = "<group>";
		};
/* End PBXVariantGroup section */

/* Begin XCBuildConfiguration section */
		6E9FA39F18138ECE00785A09 /* Debug */ = {
			isa = XCBuildConfiguration;
			buildSettings = {
				ALWAYS_SEARCH_USER_PATHS = NO;
				CLANG_CXX_LANGUAGE_STANDARD = "gnu++0x";
				CLANG_CXX_LIBRARY = "libc++";
				CLANG_ENABLE_OBJC_ARC = YES;
				CLANG_WARN_BOOL_CONVERSION = YES;
				CLANG_WARN_CONSTANT_CONVERSION = YES;
				CLANG_WARN_DIRECT_OBJC_ISA_USAGE = YES_ERROR;
				CLANG_WARN_EMPTY_BODY = YES;
				CLANG_WARN_ENUM_CONVERSION = YES;
				CLANG_WARN_INT_CONVERSION = YES;
				CLANG_WARN_OBJC_ROOT_CLASS = YES_ERROR;
				CLANG_WARN__DUPLICATE_METHOD_MATCH = YES;
				COPY_PHASE_STRIP = NO;
				GCC_C_LANGUAGE_STANDARD = gnu99;
				GCC_DYNAMIC_NO_PIC = NO;
				GCC_ENABLE_OBJC_EXCEPTIONS = YES;
				GCC_OPTIMIZATION_LEVEL = 0;
				GCC_PREPROCESSOR_DEFINITIONS = (
					"DEBUG=1",
					"$(inherited)",
				);
				GCC_SYMBOLS_PRIVATE_EXTERN = NO;
				GCC_WARN_64_TO_32_BIT_CONVERSION = YES;
				GCC_WARN_ABOUT_RETURN_TYPE = YES_ERROR;
				GCC_WARN_UNDECLARED_SELECTOR = YES;
				GCC_WARN_UNINITIALIZED_AUTOS = YES;
				GCC_WARN_UNUSED_FUNCTION = YES;
				GCC_WARN_UNUSED_VARIABLE = YES;
				MACOSX_DEPLOYMENT_TARGET = 10.9;
				ONLY_ACTIVE_ARCH = YES;
				SDKROOT = macosx;
			};
			name = Debug;
		};
		6E9FA3A018138ECE00785A09 /* Release */ = {
			isa = XCBuildConfiguration;
			buildSettings = {
				ALWAYS_SEARCH_USER_PATHS = NO;
				CLANG_CXX_LANGUAGE_STANDARD = "gnu++0x";
				CLANG_CXX_LIBRARY = "libc++";
				CLANG_ENABLE_OBJC_ARC = YES;
				CLANG_WARN_BOOL_CONVERSION = YES;
				CLANG_WARN_CONSTANT_CONVERSION = YES;
				CLANG_WARN_DIRECT_OBJC_ISA_USAGE = YES_ERROR;
				CLANG_WARN_EMPTY_BODY = YES;
				CLANG_WARN_ENUM_CONVERSION = YES;
				CLANG_WARN_INT_CONVERSION = YES;
				CLANG_WARN_OBJC_ROOT_CLASS = YES_ERROR;
				CLANG_WARN__DUPLICATE_METHOD_MATCH = YES;
				COPY_PHASE_STRIP = YES;
				DEBUG_INFORMATION_FORMAT = "dwarf-with-dsym";
				ENABLE_NS_ASSERTIONS = NO;
				GCC_C_LANGUAGE_STANDARD = gnu99;
				GCC_ENABLE_OBJC_EXCEPTIONS = YES;
				GCC_WARN_64_TO_32_BIT_CONVERSION = YES;
				GCC_WARN_ABOUT_RETURN_TYPE = YES_ERROR;
				GCC_WARN_UNDECLARED_SELECTOR = YES;
				GCC_WARN_UNINITIALIZED_AUTOS = YES;
				GCC_WARN_UNUSED_FUNCTION = YES;
				GCC_WARN_UNUSED_VARIABLE = YES;
				MACOSX_DEPLOYMENT_TARGET = 10.9;
				SDKROOT = macosx;
			};
			name = Release;
		};
		6E9FA3A218138ECE00785A09 /* Debug */ = {
			isa = XCBuildConfiguration;
			buildSettings = {
				ASSETCATALOG_COMPILER_APPICON_NAME = AppIcon;
				COMBINE_HIDPI_IMAGES = YES;
				GCC_PRECOMPILE_PREFIX_HEADER = YES;
				GCC_PREFIX_HEADER = "Facebook Messenger/Facebook Messenger-Prefix.pch";
				INFOPLIST_FILE = "Facebook Messenger/Facebook Messenger-Info.plist";
				MACOSX_DEPLOYMENT_TARGET = 10.8;
				PRODUCT_NAME = "$(TARGET_NAME)";
				WRAPPER_EXTENSION = app;
			};
			name = Debug;
		};
		6E9FA3A318138ECE00785A09 /* Release */ = {
			isa = XCBuildConfiguration;
			buildSettings = {
				ASSETCATALOG_COMPILER_APPICON_NAME = AppIcon;
				COMBINE_HIDPI_IMAGES = YES;
				GCC_PRECOMPILE_PREFIX_HEADER = YES;
				GCC_PREFIX_HEADER = "Facebook Messenger/Facebook Messenger-Prefix.pch";
				INFOPLIST_FILE = "Facebook Messenger/Facebook Messenger-Info.plist";
				MACOSX_DEPLOYMENT_TARGET = 10.8;
				PRODUCT_NAME = "$(TARGET_NAME)";
				WRAPPER_EXTENSION = app;
			};
			name = Release;
		};
		6E9FA3A518138ECE00785A09 /* Debug */ = {
			isa = XCBuildConfiguration;
			buildSettings = {
				BUNDLE_LOADER = "$(BUILT_PRODUCTS_DIR)/Facebook Messenger.app/Contents/MacOS/Facebook Messenger";
				COMBINE_HIDPI_IMAGES = YES;
				FRAMEWORK_SEARCH_PATHS = (
					"$(DEVELOPER_FRAMEWORKS_DIR)",
					"$(inherited)",
				);
				GCC_PRECOMPILE_PREFIX_HEADER = YES;
				GCC_PREFIX_HEADER = "Facebook Messenger/Facebook Messenger-Prefix.pch";
				GCC_PREPROCESSOR_DEFINITIONS = (
					"DEBUG=1",
					"$(inherited)",
				);
				INFOPLIST_FILE = "Facebook MessengerTests/Facebook MessengerTests-Info.plist";
				MACOSX_DEPLOYMENT_TARGET = 10.8;
				PRODUCT_NAME = "$(TARGET_NAME)";
				TEST_HOST = "$(BUNDLE_LOADER)";
				WRAPPER_EXTENSION = xctest;
			};
			name = Debug;
		};
		6E9FA3A618138ECE00785A09 /* Release */ = {
			isa = XCBuildConfiguration;
			buildSettings = {
				BUNDLE_LOADER = "$(BUILT_PRODUCTS_DIR)/Facebook Messenger.app/Contents/MacOS/Facebook Messenger";
				COMBINE_HIDPI_IMAGES = YES;
				FRAMEWORK_SEARCH_PATHS = (
					"$(DEVELOPER_FRAMEWORKS_DIR)",
					"$(inherited)",
				);
				GCC_PRECOMPILE_PREFIX_HEADER = YES;
				GCC_PREFIX_HEADER = "Facebook Messenger/Facebook Messenger-Prefix.pch";
				INFOPLIST_FILE = "Facebook MessengerTests/Facebook MessengerTests-Info.plist";
				MACOSX_DEPLOYMENT_TARGET = 10.8;
				PRODUCT_NAME = "$(TARGET_NAME)";
				TEST_HOST = "$(BUNDLE_LOADER)";
				WRAPPER_EXTENSION = xctest;
			};
			name = Release;
		};
/* End XCBuildConfiguration section */

/* Begin XCConfigurationList section */
		6E9FA36B18138ECD00785A09 /* Build configuration list for PBXProject "Facebook Messenger" */ = {
			isa = XCConfigurationList;
			buildConfigurations = (
				6E9FA39F18138ECE00785A09 /* Debug */,
				6E9FA3A018138ECE00785A09 /* Release */,
			);
			defaultConfigurationIsVisible = 0;
			defaultConfigurationName = Release;
		};
		6E9FA3A118138ECE00785A09 /* Build configuration list for PBXNativeTarget "Facebook Messenger" */ = {
			isa = XCConfigurationList;
			buildConfigurations = (
				6E9FA3A218138ECE00785A09 /* Debug */,
				6E9FA3A318138ECE00785A09 /* Release */,
			);
			defaultConfigurationIsVisible = 0;
			defaultConfigurationName = Release;
		};
		6E9FA3A418138ECE00785A09 /* Build configuration list for PBXNativeTarget "Facebook MessengerTests" */ = {
			isa = XCConfigurationList;
			buildConfigurations = (
				6E9FA3A518138ECE00785A09 /* Debug */,
				6E9FA3A618138ECE00785A09 /* Release */,
			);
			defaultConfigurationIsVisible = 0;
			defaultConfigurationName = Release;
		};
/* End XCConfigurationList section */

/* Begin XCVersionGroup section */
		6E9FA3B01813A6BE00785A09 /* FBModel.xcdatamodeld */ = {
			isa = XCVersionGroup;
			children = (
				6E9FA3B11813A6BE00785A09 /* FBModel.xcdatamodel */,
			);
			currentVersion = 6E9FA3B11813A6BE00785A09 /* FBModel.xcdatamodel */;
			path = FBModel.xcdatamodeld;
			sourceTree = "<group>";
			versionGroupType = wrapper.xcdatamodel;
		};
/* End XCVersionGroup section */
	};
	rootObject = 6E9FA36818138ECD00785A09 /* Project object */;
}
