// !$*UTF8*$!
{
	archiveVersion = 1;
	classes = {
	};
	objectVersion = 46;
	objects = {

/* Begin PBXBuildFile section */
		6E0E3889187092A600CED6B6 /* FBMAPI.m in Sources */ = {isa = PBXBuildFile; fileRef = 6E0E3888187092A600CED6B6 /* FBMAPI.m */; };
		6E4FE2F61872770F00646455 /* Security.framework in Frameworks */ = {isa = PBXBuildFile; fileRef = 6E4FE2F51872770F00646455 /* Security.framework */; };
		6E4FE2F81872780900646455 /* SystemConfiguration.framework in Frameworks */ = {isa = PBXBuildFile; fileRef = 6E4FE2F71872780900646455 /* SystemConfiguration.framework */; };
		6E4FE2FA1872785D00646455 /* libresolv.dylib in Frameworks */ = {isa = PBXBuildFile; fileRef = 6E4FE2F91872785C00646455 /* libresolv.dylib */; };
		6E5841EA1910A0AD00DDDCBE /* XMPPAnonymousAuthentication.m in Sources */ = {isa = PBXBuildFile; fileRef = 6E5841AB1910A0AD00DDDCBE /* XMPPAnonymousAuthentication.m */; };
		6E5841EB1910A0AD00DDDCBE /* XMPPAnonymousAuthentication.m in Sources */ = {isa = PBXBuildFile; fileRef = 6E5841AB1910A0AD00DDDCBE /* XMPPAnonymousAuthentication.m */; };
		6E5841EC1910A0AD00DDDCBE /* XMPPDeprecatedDigestAuthentication.m in Sources */ = {isa = PBXBuildFile; fileRef = 6E5841AE1910A0AD00DDDCBE /* XMPPDeprecatedDigestAuthentication.m */; };
		6E5841ED1910A0AD00DDDCBE /* XMPPDeprecatedDigestAuthentication.m in Sources */ = {isa = PBXBuildFile; fileRef = 6E5841AE1910A0AD00DDDCBE /* XMPPDeprecatedDigestAuthentication.m */; };
		6E5841EE1910A0AD00DDDCBE /* XMPPDeprecatedPlainAuthentication.m in Sources */ = {isa = PBXBuildFile; fileRef = 6E5841B11910A0AD00DDDCBE /* XMPPDeprecatedPlainAuthentication.m */; };
		6E5841EF1910A0AD00DDDCBE /* XMPPDeprecatedPlainAuthentication.m in Sources */ = {isa = PBXBuildFile; fileRef = 6E5841B11910A0AD00DDDCBE /* XMPPDeprecatedPlainAuthentication.m */; };
		6E5841F01910A0AD00DDDCBE /* XMPPDigestMD5Authentication.m in Sources */ = {isa = PBXBuildFile; fileRef = 6E5841B41910A0AD00DDDCBE /* XMPPDigestMD5Authentication.m */; };
		6E5841F11910A0AD00DDDCBE /* XMPPDigestMD5Authentication.m in Sources */ = {isa = PBXBuildFile; fileRef = 6E5841B41910A0AD00DDDCBE /* XMPPDigestMD5Authentication.m */; };
		6E5841F21910A0AD00DDDCBE /* XMPPPlainAuthentication.m in Sources */ = {isa = PBXBuildFile; fileRef = 6E5841B71910A0AD00DDDCBE /* XMPPPlainAuthentication.m */; };
		6E5841F31910A0AD00DDDCBE /* XMPPPlainAuthentication.m in Sources */ = {isa = PBXBuildFile; fileRef = 6E5841B71910A0AD00DDDCBE /* XMPPPlainAuthentication.m */; };
		6E5841F41910A0AD00DDDCBE /* XMPPSCRAMSHA1Authentication.m in Sources */ = {isa = PBXBuildFile; fileRef = 6E5841BA1910A0AD00DDDCBE /* XMPPSCRAMSHA1Authentication.m */; };
		6E5841F51910A0AD00DDDCBE /* XMPPSCRAMSHA1Authentication.m in Sources */ = {isa = PBXBuildFile; fileRef = 6E5841BA1910A0AD00DDDCBE /* XMPPSCRAMSHA1Authentication.m */; };
		6E5841F61910A0AD00DDDCBE /* XMPPXFacebookPlatformAuthentication.m in Sources */ = {isa = PBXBuildFile; fileRef = 6E5841BD1910A0AD00DDDCBE /* XMPPXFacebookPlatformAuthentication.m */; };
		6E5841F71910A0AD00DDDCBE /* XMPPXFacebookPlatformAuthentication.m in Sources */ = {isa = PBXBuildFile; fileRef = 6E5841BD1910A0AD00DDDCBE /* XMPPXFacebookPlatformAuthentication.m */; };
		6E5841F81910A0AD00DDDCBE /* XMPPXOAuth2Google.m in Sources */ = {isa = PBXBuildFile; fileRef = 6E5841C01910A0AD00DDDCBE /* XMPPXOAuth2Google.m */; };
		6E5841F91910A0AD00DDDCBE /* XMPPXOAuth2Google.m in Sources */ = {isa = PBXBuildFile; fileRef = 6E5841C01910A0AD00DDDCBE /* XMPPXOAuth2Google.m */; };
		6E5841FA1910A0AD00DDDCBE /* NSData+XMPP.m in Sources */ = {isa = PBXBuildFile; fileRef = 6E5841C41910A0AD00DDDCBE /* NSData+XMPP.m */; };
		6E5841FB1910A0AD00DDDCBE /* NSData+XMPP.m in Sources */ = {isa = PBXBuildFile; fileRef = 6E5841C41910A0AD00DDDCBE /* NSData+XMPP.m */; };
		6E5841FC1910A0AD00DDDCBE /* NSNumber+XMPP.m in Sources */ = {isa = PBXBuildFile; fileRef = 6E5841C61910A0AD00DDDCBE /* NSNumber+XMPP.m */; };
		6E5841FD1910A0AD00DDDCBE /* NSNumber+XMPP.m in Sources */ = {isa = PBXBuildFile; fileRef = 6E5841C61910A0AD00DDDCBE /* NSNumber+XMPP.m */; };
		6E5841FE1910A0AD00DDDCBE /* NSXMLElement+XMPP.m in Sources */ = {isa = PBXBuildFile; fileRef = 6E5841C81910A0AD00DDDCBE /* NSXMLElement+XMPP.m */; };
		6E5841FF1910A0AD00DDDCBE /* NSXMLElement+XMPP.m in Sources */ = {isa = PBXBuildFile; fileRef = 6E5841C81910A0AD00DDDCBE /* NSXMLElement+XMPP.m */; };
		6E5842001910A0AD00DDDCBE /* XMPPElement.m in Sources */ = {isa = PBXBuildFile; fileRef = 6E5841CC1910A0AD00DDDCBE /* XMPPElement.m */; };
		6E5842011910A0AD00DDDCBE /* XMPPElement.m in Sources */ = {isa = PBXBuildFile; fileRef = 6E5841CC1910A0AD00DDDCBE /* XMPPElement.m */; };
		6E5842021910A0AD00DDDCBE /* XMPPIQ.m in Sources */ = {isa = PBXBuildFile; fileRef = 6E5841CF1910A0AD00DDDCBE /* XMPPIQ.m */; };
		6E5842031910A0AD00DDDCBE /* XMPPIQ.m in Sources */ = {isa = PBXBuildFile; fileRef = 6E5841CF1910A0AD00DDDCBE /* XMPPIQ.m */; };
		6E5842041910A0AD00DDDCBE /* XMPPJID.m in Sources */ = {isa = PBXBuildFile; fileRef = 6E5841D11910A0AD00DDDCBE /* XMPPJID.m */; };
		6E5842051910A0AD00DDDCBE /* XMPPJID.m in Sources */ = {isa = PBXBuildFile; fileRef = 6E5841D11910A0AD00DDDCBE /* XMPPJID.m */; };
		6E5842061910A0AD00DDDCBE /* XMPPMessage.m in Sources */ = {isa = PBXBuildFile; fileRef = 6E5841D41910A0AD00DDDCBE /* XMPPMessage.m */; };
		6E5842071910A0AD00DDDCBE /* XMPPMessage.m in Sources */ = {isa = PBXBuildFile; fileRef = 6E5841D41910A0AD00DDDCBE /* XMPPMessage.m */; };
		6E5842081910A0AD00DDDCBE /* XMPPModule.m in Sources */ = {isa = PBXBuildFile; fileRef = 6E5841D61910A0AD00DDDCBE /* XMPPModule.m */; };
		6E5842091910A0AD00DDDCBE /* XMPPModule.m in Sources */ = {isa = PBXBuildFile; fileRef = 6E5841D61910A0AD00DDDCBE /* XMPPModule.m */; };
		6E58420A1910A0AD00DDDCBE /* XMPPParser.m in Sources */ = {isa = PBXBuildFile; fileRef = 6E5841D81910A0AD00DDDCBE /* XMPPParser.m */; };
		6E58420B1910A0AD00DDDCBE /* XMPPParser.m in Sources */ = {isa = PBXBuildFile; fileRef = 6E5841D81910A0AD00DDDCBE /* XMPPParser.m */; };
		6E58420C1910A0AD00DDDCBE /* XMPPPresence.m in Sources */ = {isa = PBXBuildFile; fileRef = 6E5841DA1910A0AD00DDDCBE /* XMPPPresence.m */; };
		6E58420D1910A0AD00DDDCBE /* XMPPPresence.m in Sources */ = {isa = PBXBuildFile; fileRef = 6E5841DA1910A0AD00DDDCBE /* XMPPPresence.m */; };
		6E58420E1910A0AD00DDDCBE /* XMPPStream.m in Sources */ = {isa = PBXBuildFile; fileRef = 6E5841DC1910A0AD00DDDCBE /* XMPPStream.m */; };
		6E58420F1910A0AD00DDDCBE /* XMPPStream.m in Sources */ = {isa = PBXBuildFile; fileRef = 6E5841DC1910A0AD00DDDCBE /* XMPPStream.m */; };
		6E5842101910A0AD00DDDCBE /* DDList.m in Sources */ = {isa = PBXBuildFile; fileRef = 6E5841DF1910A0AD00DDDCBE /* DDList.m */; };
		6E5842111910A0AD00DDDCBE /* DDList.m in Sources */ = {isa = PBXBuildFile; fileRef = 6E5841DF1910A0AD00DDDCBE /* DDList.m */; };
		6E5842121910A0AD00DDDCBE /* GCDMulticastDelegate.m in Sources */ = {isa = PBXBuildFile; fileRef = 6E5841E11910A0AD00DDDCBE /* GCDMulticastDelegate.m */; };
		6E5842131910A0AD00DDDCBE /* GCDMulticastDelegate.m in Sources */ = {isa = PBXBuildFile; fileRef = 6E5841E11910A0AD00DDDCBE /* GCDMulticastDelegate.m */; };
		6E5842141910A0AD00DDDCBE /* RFImageToDataTransformer.m in Sources */ = {isa = PBXBuildFile; fileRef = 6E5841E31910A0AD00DDDCBE /* RFImageToDataTransformer.m */; };
		6E5842151910A0AD00DDDCBE /* RFImageToDataTransformer.m in Sources */ = {isa = PBXBuildFile; fileRef = 6E5841E31910A0AD00DDDCBE /* RFImageToDataTransformer.m */; };
		6E5842161910A0AD00DDDCBE /* XMPPIDTracker.m in Sources */ = {isa = PBXBuildFile; fileRef = 6E5841E51910A0AD00DDDCBE /* XMPPIDTracker.m */; };
		6E5842171910A0AD00DDDCBE /* XMPPIDTracker.m in Sources */ = {isa = PBXBuildFile; fileRef = 6E5841E51910A0AD00DDDCBE /* XMPPIDTracker.m */; };
		6E5842181910A0AD00DDDCBE /* XMPPSRVResolver.m in Sources */ = {isa = PBXBuildFile; fileRef = 6E5841E71910A0AD00DDDCBE /* XMPPSRVResolver.m */; };
		6E5842191910A0AD00DDDCBE /* XMPPSRVResolver.m in Sources */ = {isa = PBXBuildFile; fileRef = 6E5841E71910A0AD00DDDCBE /* XMPPSRVResolver.m */; };
		6E58421A1910A0AD00DDDCBE /* XMPPStringPrep.m in Sources */ = {isa = PBXBuildFile; fileRef = 6E5841E91910A0AD00DDDCBE /* XMPPStringPrep.m */; };
		6E58421B1910A0AD00DDDCBE /* XMPPStringPrep.m in Sources */ = {isa = PBXBuildFile; fileRef = 6E5841E91910A0AD00DDDCBE /* XMPPStringPrep.m */; };
		6E58421F1910A0D400DDDCBE /* GCDAsyncSocket.m in Sources */ = {isa = PBXBuildFile; fileRef = 6E58421E1910A0D400DDDCBE /* GCDAsyncSocket.m */; };
		6E5842201910A0D400DDDCBE /* GCDAsyncSocket.m in Sources */ = {isa = PBXBuildFile; fileRef = 6E58421E1910A0D400DDDCBE /* GCDAsyncSocket.m */; };
		6E653C1F1912C2D6004F288F /* FBUser+Jabber.m in Sources */ = {isa = PBXBuildFile; fileRef = 6E653C1E1912C2D6004F288F /* FBUser+Jabber.m */; };
		6E653C201912C2D6004F288F /* FBUser+Jabber.m in Sources */ = {isa = PBXBuildFile; fileRef = 6E653C1E1912C2D6004F288F /* FBUser+Jabber.m */; };
		6E9FA37418138ECE00785A09 /* Cocoa.framework in Frameworks */ = {isa = PBXBuildFile; fileRef = 6E9FA37318138ECE00785A09 /* Cocoa.framework */; };
		6E9FA37E18138ECE00785A09 /* InfoPlist.strings in Resources */ = {isa = PBXBuildFile; fileRef = 6E9FA37C18138ECE00785A09 /* InfoPlist.strings */; };
		6E9FA38018138ECE00785A09 /* main.m in Sources */ = {isa = PBXBuildFile; fileRef = 6E9FA37F18138ECE00785A09 /* main.m */; };
		6E9FA38418138ECE00785A09 /* Credits.rtf in Resources */ = {isa = PBXBuildFile; fileRef = 6E9FA38218138ECE00785A09 /* Credits.rtf */; };
		6E9FA38718138ECE00785A09 /* FBMAppDelegate.m in Sources */ = {isa = PBXBuildFile; fileRef = 6E9FA38618138ECE00785A09 /* FBMAppDelegate.m */; };
		6E9FA38A18138ECE00785A09 /* MainMenu.xib in Resources */ = {isa = PBXBuildFile; fileRef = 6E9FA38818138ECE00785A09 /* MainMenu.xib */; };
		6E9FA38C18138ECE00785A09 /* Images.xcassets in Resources */ = {isa = PBXBuildFile; fileRef = 6E9FA38B18138ECE00785A09 /* Images.xcassets */; };
		6E9FA39318138ECE00785A09 /* XCTest.framework in Frameworks */ = {isa = PBXBuildFile; fileRef = 6E9FA39218138ECE00785A09 /* XCTest.framework */; };
		6E9FA39418138ECE00785A09 /* Cocoa.framework in Frameworks */ = {isa = PBXBuildFile; fileRef = 6E9FA37318138ECE00785A09 /* Cocoa.framework */; };
		6E9FA39C18138ECE00785A09 /* InfoPlist.strings in Resources */ = {isa = PBXBuildFile; fileRef = 6E9FA39A18138ECE00785A09 /* InfoPlist.strings */; };
		6E9FA39E18138ECE00785A09 /* Facebook_MessengerTests.m in Sources */ = {isa = PBXBuildFile; fileRef = 6E9FA39D18138ECE00785A09 /* Facebook_MessengerTests.m */; };
		6E9FA3A818138F3A00785A09 /* Accounts.framework in Frameworks */ = {isa = PBXBuildFile; fileRef = 6E9FA3A718138F3A00785A09 /* Accounts.framework */; };
		6E9FA3AA18138F4100785A09 /* Social.framework in Frameworks */ = {isa = PBXBuildFile; fileRef = 6E9FA3A918138F4100785A09 /* Social.framework */; };
		6E9FA3AB18138F4B00785A09 /* CoreData.framework in Frameworks */ = {isa = PBXBuildFile; fileRef = 6E9FA37718138ECE00785A09 /* CoreData.framework */; };
		6E9FA3AE18138F7A00785A09 /* FBMStore.m in Sources */ = {isa = PBXBuildFile; fileRef = 6E9FA3AD18138F7A00785A09 /* FBMStore.m */; };
		6E9FA3B21813A6BE00785A09 /* FBModel.xcdatamodeld in Sources */ = {isa = PBXBuildFile; fileRef = 6E9FA3B01813A6BE00785A09 /* FBModel.xcdatamodeld */; };
		6E9FA3B8181439E500785A09 /* FBMInboxWindowController.m in Sources */ = {isa = PBXBuildFile; fileRef = 6E9FA3B6181439E500785A09 /* FBMInboxWindowController.m */; };
		6E9FA3B9181439E500785A09 /* FBMInboxWindowController.xib in Resources */ = {isa = PBXBuildFile; fileRef = 6E9FA3B7181439E500785A09 /* FBMInboxWindowController.xib */; };
		6E9FA3D518144DDB00785A09 /* FBUser.m in Sources */ = {isa = PBXBuildFile; fileRef = 6E9FA3D418144DDB00785A09 /* FBUser.m */; };
		6E9FA3D818144DDC00785A09 /* FBConversation.m in Sources */ = {isa = PBXBuildFile; fileRef = 6E9FA3D718144DDC00785A09 /* FBConversation.m */; };
		6E9FA3DB18144DDC00785A09 /* FBConversationComment.m in Sources */ = {isa = PBXBuildFile; fileRef = 6E9FA3DA18144DDC00785A09 /* FBConversationComment.m */; };
		6E9FA3E1181466A900785A09 /* FBMConversationWindowController.m in Sources */ = {isa = PBXBuildFile; fileRef = 6E9FA3DF181466A900785A09 /* FBMConversationWindowController.m */; };
		6E9FA3E2181466A900785A09 /* FBMConversationWindowController.xib in Resources */ = {isa = PBXBuildFile; fileRef = 6E9FA3E0181466A900785A09 /* FBMConversationWindowController.xib */; };
		6E9FA3E618146FAB00785A09 /* FBMessageCellView.m in Sources */ = {isa = PBXBuildFile; fileRef = 6E9FA3E518146FAB00785A09 /* FBMessageCellView.m */; };
		6EBAE37C1870D3FA004F172A /* NSDate+FBDate.m in Sources */ = {isa = PBXBuildFile; fileRef = 6EBAE37B1870D3FA004F172A /* NSDate+FBDate.m */; };
		6EBAEABB18727536004F172A /* libxml2.dylib in Frameworks */ = {isa = PBXBuildFile; fileRef = 6EBAEABA18727536004F172A /* libxml2.dylib */; };
		6EC4F8251911961C00B87BDF /* CLIColor.m in Sources */ = {isa = PBXBuildFile; fileRef = 6EC4F80F1911961C00B87BDF /* CLIColor.m */; };
		6EC4F8261911961C00B87BDF /* CLIColor.m in Sources */ = {isa = PBXBuildFile; fileRef = 6EC4F80F1911961C00B87BDF /* CLIColor.m */; };
		6EC4F8271911961C00B87BDF /* DDAbstractDatabaseLogger.m in Sources */ = {isa = PBXBuildFile; fileRef = 6EC4F8111911961C00B87BDF /* DDAbstractDatabaseLogger.m */; };
		6EC4F8281911961C00B87BDF /* DDAbstractDatabaseLogger.m in Sources */ = {isa = PBXBuildFile; fileRef = 6EC4F8111911961C00B87BDF /* DDAbstractDatabaseLogger.m */; };
		6EC4F8291911961C00B87BDF /* DDASLLogCapture.m in Sources */ = {isa = PBXBuildFile; fileRef = 6EC4F8131911961C00B87BDF /* DDASLLogCapture.m */; };
		6EC4F82A1911961C00B87BDF /* DDASLLogCapture.m in Sources */ = {isa = PBXBuildFile; fileRef = 6EC4F8131911961C00B87BDF /* DDASLLogCapture.m */; };
		6EC4F82B1911961C00B87BDF /* DDASLLogger.m in Sources */ = {isa = PBXBuildFile; fileRef = 6EC4F8151911961C00B87BDF /* DDASLLogger.m */; };
		6EC4F82C1911961C00B87BDF /* DDASLLogger.m in Sources */ = {isa = PBXBuildFile; fileRef = 6EC4F8151911961C00B87BDF /* DDASLLogger.m */; };
		6EC4F82D1911961C00B87BDF /* DDFileLogger.m in Sources */ = {isa = PBXBuildFile; fileRef = 6EC4F8171911961C00B87BDF /* DDFileLogger.m */; };
		6EC4F82E1911961C00B87BDF /* DDFileLogger.m in Sources */ = {isa = PBXBuildFile; fileRef = 6EC4F8171911961C00B87BDF /* DDFileLogger.m */; };
		6EC4F82F1911961C00B87BDF /* DDLog.m in Sources */ = {isa = PBXBuildFile; fileRef = 6EC4F81A1911961C00B87BDF /* DDLog.m */; };
		6EC4F8301911961C00B87BDF /* DDLog.m in Sources */ = {isa = PBXBuildFile; fileRef = 6EC4F81A1911961C00B87BDF /* DDLog.m */; };
		6EC4F8311911961C00B87BDF /* DDTTYLogger.m in Sources */ = {isa = PBXBuildFile; fileRef = 6EC4F81C1911961C00B87BDF /* DDTTYLogger.m */; };
		6EC4F8321911961C00B87BDF /* DDTTYLogger.m in Sources */ = {isa = PBXBuildFile; fileRef = 6EC4F81C1911961C00B87BDF /* DDTTYLogger.m */; };
		6EC4F8331911961C00B87BDF /* DDContextFilterLogFormatter.m in Sources */ = {isa = PBXBuildFile; fileRef = 6EC4F81F1911961C00B87BDF /* DDContextFilterLogFormatter.m */; };
		6EC4F8341911961C00B87BDF /* DDContextFilterLogFormatter.m in Sources */ = {isa = PBXBuildFile; fileRef = 6EC4F81F1911961C00B87BDF /* DDContextFilterLogFormatter.m */; };
		6EC4F8351911961C00B87BDF /* DDDispatchQueueLogFormatter.m in Sources */ = {isa = PBXBuildFile; fileRef = 6EC4F8211911961C00B87BDF /* DDDispatchQueueLogFormatter.m */; };
		6EC4F8361911961C00B87BDF /* DDDispatchQueueLogFormatter.m in Sources */ = {isa = PBXBuildFile; fileRef = 6EC4F8211911961C00B87BDF /* DDDispatchQueueLogFormatter.m */; };
		6EC4F8371911961C00B87BDF /* DDMultiFormatter.m in Sources */ = {isa = PBXBuildFile; fileRef = 6EC4F8231911961C00B87BDF /* DDMultiFormatter.m */; };
		6EC4F8381911961C00B87BDF /* DDMultiFormatter.m in Sources */ = {isa = PBXBuildFile; fileRef = 6EC4F8231911961C00B87BDF /* DDMultiFormatter.m */; };
		6EC4F8391911961C00B87BDF /* README.txt in Resources */ = {isa = PBXBuildFile; fileRef = 6EC4F8241911961C00B87BDF /* README.txt */; };
		6EC4F83A1911961C00B87BDF /* README.txt in Resources */ = {isa = PBXBuildFile; fileRef = 6EC4F8241911961C00B87BDF /* README.txt */; };
		6EC4F8401911982200B87BDF /* build-libidn.sh in Resources */ = {isa = PBXBuildFile; fileRef = 6EC4F83C1911982200B87BDF /* build-libidn.sh */; };
		6EC4F8411911982200B87BDF /* build-libidn.sh in Resources */ = {isa = PBXBuildFile; fileRef = 6EC4F83C1911982200B87BDF /* build-libidn.sh */; };
		6EC4F8421911982200B87BDF /* libidn.a in Frameworks */ = {isa = PBXBuildFile; fileRef = 6EC4F83E1911982200B87BDF /* libidn.a */; };
		6EC4F8431911982200B87BDF /* libidn.a in Frameworks */ = {isa = PBXBuildFile; fileRef = 6EC4F83E1911982200B87BDF /* libidn.a */; };
		6ECA431419131B5E00921652 /* FBMDirectoryWindowController.m in Sources */ = {isa = PBXBuildFile; fileRef = 6ECA431219131B5E00921652 /* FBMDirectoryWindowController.m */; };
		6ECA431519131B5E00921652 /* FBMDirectoryWindowController.m in Sources */ = {isa = PBXBuildFile; fileRef = 6ECA431219131B5E00921652 /* FBMDirectoryWindowController.m */; };
		6ECA431619131B5E00921652 /* FBMDirectoryWindowController.xib in Resources */ = {isa = PBXBuildFile; fileRef = 6ECA431319131B5E00921652 /* FBMDirectoryWindowController.xib */; };
		6ECA431719131B5E00921652 /* FBMDirectoryWindowController.xib in Resources */ = {isa = PBXBuildFile; fileRef = 6ECA431319131B5E00921652 /* FBMDirectoryWindowController.xib */; };
		6ECA431A19131D8900921652 /* FBUserCellView.m in Sources */ = {isa = PBXBuildFile; fileRef = 6ECA431919131D8900921652 /* FBUserCellView.m */; };
		6ECA431B19131D8900921652 /* FBUserCellView.m in Sources */ = {isa = PBXBuildFile; fileRef = 6ECA431919131D8900921652 /* FBUserCellView.m */; };
		6ED475401913F9640034D719 /* FBConversation+StringRepresentation.m in Sources */ = {isa = PBXBuildFile; fileRef = 6ED4753F1913F9640034D719 /* FBConversation+StringRepresentation.m */; };
		6ED475411913F9640034D719 /* FBConversation+StringRepresentation.m in Sources */ = {isa = PBXBuildFile; fileRef = 6ED4753F1913F9640034D719 /* FBConversation+StringRepresentation.m */; };
/* End PBXBuildFile section */

/* Begin PBXContainerItemProxy section */
		6E9FA39518138ECE00785A09 /* PBXContainerItemProxy */ = {
			isa = PBXContainerItemProxy;
			containerPortal = 6E9FA36818138ECD00785A09 /* Project object */;
			proxyType = 1;
			remoteGlobalIDString = 6E9FA36F18138ECD00785A09;
			remoteInfo = "Facebook Messenger";
		};
/* End PBXContainerItemProxy section */

/* Begin PBXFileReference section */
		6E0E3887187092A600CED6B6 /* FBMAPI.h */ = {isa = PBXFileReference; fileEncoding = 4; lastKnownFileType = sourcecode.c.h; path = FBMAPI.h; sourceTree = "<group>"; };
		6E0E3888187092A600CED6B6 /* FBMAPI.m */ = {isa = PBXFileReference; fileEncoding = 4; lastKnownFileType = sourcecode.c.objc; path = FBMAPI.m; sourceTree = "<group>"; };
		6E4FE2F51872770F00646455 /* Security.framework */ = {isa = PBXFileReference; lastKnownFileType = wrapper.framework; name = Security.framework; path = System/Library/Frameworks/Security.framework; sourceTree = SDKROOT; };
		6E4FE2F71872780900646455 /* SystemConfiguration.framework */ = {isa = PBXFileReference; lastKnownFileType = wrapper.framework; name = SystemConfiguration.framework; path = System/Library/Frameworks/SystemConfiguration.framework; sourceTree = SDKROOT; };
		6E4FE2F91872785C00646455 /* libresolv.dylib */ = {isa = PBXFileReference; lastKnownFileType = "compiled.mach-o.dylib"; name = libresolv.dylib; path = usr/lib/libresolv.dylib; sourceTree = SDKROOT; };
		6E5841AA1910A0AD00DDDCBE /* XMPPAnonymousAuthentication.h */ = {isa = PBXFileReference; fileEncoding = 4; lastKnownFileType = sourcecode.c.h; path = XMPPAnonymousAuthentication.h; sourceTree = "<group>"; };
		6E5841AB1910A0AD00DDDCBE /* XMPPAnonymousAuthentication.m */ = {isa = PBXFileReference; fileEncoding = 4; lastKnownFileType = sourcecode.c.objc; path = XMPPAnonymousAuthentication.m; sourceTree = "<group>"; };
		6E5841AD1910A0AD00DDDCBE /* XMPPDeprecatedDigestAuthentication.h */ = {isa = PBXFileReference; fileEncoding = 4; lastKnownFileType = sourcecode.c.h; path = XMPPDeprecatedDigestAuthentication.h; sourceTree = "<group>"; };
		6E5841AE1910A0AD00DDDCBE /* XMPPDeprecatedDigestAuthentication.m */ = {isa = PBXFileReference; fileEncoding = 4; lastKnownFileType = sourcecode.c.objc; path = XMPPDeprecatedDigestAuthentication.m; sourceTree = "<group>"; };
		6E5841B01910A0AD00DDDCBE /* XMPPDeprecatedPlainAuthentication.h */ = {isa = PBXFileReference; fileEncoding = 4; lastKnownFileType = sourcecode.c.h; path = XMPPDeprecatedPlainAuthentication.h; sourceTree = "<group>"; };
		6E5841B11910A0AD00DDDCBE /* XMPPDeprecatedPlainAuthentication.m */ = {isa = PBXFileReference; fileEncoding = 4; lastKnownFileType = sourcecode.c.objc; path = XMPPDeprecatedPlainAuthentication.m; sourceTree = "<group>"; };
		6E5841B31910A0AD00DDDCBE /* XMPPDigestMD5Authentication.h */ = {isa = PBXFileReference; fileEncoding = 4; lastKnownFileType = sourcecode.c.h; path = XMPPDigestMD5Authentication.h; sourceTree = "<group>"; };
		6E5841B41910A0AD00DDDCBE /* XMPPDigestMD5Authentication.m */ = {isa = PBXFileReference; fileEncoding = 4; lastKnownFileType = sourcecode.c.objc; path = XMPPDigestMD5Authentication.m; sourceTree = "<group>"; };
		6E5841B61910A0AD00DDDCBE /* XMPPPlainAuthentication.h */ = {isa = PBXFileReference; fileEncoding = 4; lastKnownFileType = sourcecode.c.h; path = XMPPPlainAuthentication.h; sourceTree = "<group>"; };
		6E5841B71910A0AD00DDDCBE /* XMPPPlainAuthentication.m */ = {isa = PBXFileReference; fileEncoding = 4; lastKnownFileType = sourcecode.c.objc; path = XMPPPlainAuthentication.m; sourceTree = "<group>"; };
		6E5841B91910A0AD00DDDCBE /* XMPPSCRAMSHA1Authentication.h */ = {isa = PBXFileReference; fileEncoding = 4; lastKnownFileType = sourcecode.c.h; path = XMPPSCRAMSHA1Authentication.h; sourceTree = "<group>"; };
		6E5841BA1910A0AD00DDDCBE /* XMPPSCRAMSHA1Authentication.m */ = {isa = PBXFileReference; fileEncoding = 4; lastKnownFileType = sourcecode.c.objc; path = XMPPSCRAMSHA1Authentication.m; sourceTree = "<group>"; };
		6E5841BC1910A0AD00DDDCBE /* XMPPXFacebookPlatformAuthentication.h */ = {isa = PBXFileReference; fileEncoding = 4; lastKnownFileType = sourcecode.c.h; path = XMPPXFacebookPlatformAuthentication.h; sourceTree = "<group>"; };
		6E5841BD1910A0AD00DDDCBE /* XMPPXFacebookPlatformAuthentication.m */ = {isa = PBXFileReference; fileEncoding = 4; lastKnownFileType = sourcecode.c.objc; path = XMPPXFacebookPlatformAuthentication.m; sourceTree = "<group>"; };
		6E5841BF1910A0AD00DDDCBE /* XMPPXOAuth2Google.h */ = {isa = PBXFileReference; fileEncoding = 4; lastKnownFileType = sourcecode.c.h; path = XMPPXOAuth2Google.h; sourceTree = "<group>"; };
		6E5841C01910A0AD00DDDCBE /* XMPPXOAuth2Google.m */ = {isa = PBXFileReference; fileEncoding = 4; lastKnownFileType = sourcecode.c.objc; path = XMPPXOAuth2Google.m; sourceTree = "<group>"; };
		6E5841C11910A0AD00DDDCBE /* XMPPSASLAuthentication.h */ = {isa = PBXFileReference; fileEncoding = 4; lastKnownFileType = sourcecode.c.h; path = XMPPSASLAuthentication.h; sourceTree = "<group>"; };
		6E5841C31910A0AD00DDDCBE /* NSData+XMPP.h */ = {isa = PBXFileReference; fileEncoding = 4; lastKnownFileType = sourcecode.c.h; path = "NSData+XMPP.h"; sourceTree = "<group>"; };
		6E5841C41910A0AD00DDDCBE /* NSData+XMPP.m */ = {isa = PBXFileReference; fileEncoding = 4; lastKnownFileType = sourcecode.c.objc; path = "NSData+XMPP.m"; sourceTree = "<group>"; };
		6E5841C51910A0AD00DDDCBE /* NSNumber+XMPP.h */ = {isa = PBXFileReference; fileEncoding = 4; lastKnownFileType = sourcecode.c.h; path = "NSNumber+XMPP.h"; sourceTree = "<group>"; };
		6E5841C61910A0AD00DDDCBE /* NSNumber+XMPP.m */ = {isa = PBXFileReference; fileEncoding = 4; lastKnownFileType = sourcecode.c.objc; path = "NSNumber+XMPP.m"; sourceTree = "<group>"; };
		6E5841C71910A0AD00DDDCBE /* NSXMLElement+XMPP.h */ = {isa = PBXFileReference; fileEncoding = 4; lastKnownFileType = sourcecode.c.h; path = "NSXMLElement+XMPP.h"; sourceTree = "<group>"; };
		6E5841C81910A0AD00DDDCBE /* NSXMLElement+XMPP.m */ = {isa = PBXFileReference; fileEncoding = 4; lastKnownFileType = sourcecode.c.objc; path = "NSXMLElement+XMPP.m"; sourceTree = "<group>"; };
		6E5841CA1910A0AD00DDDCBE /* XMPP.h */ = {isa = PBXFileReference; fileEncoding = 4; lastKnownFileType = sourcecode.c.h; path = XMPP.h; sourceTree = "<group>"; };
		6E5841CB1910A0AD00DDDCBE /* XMPPElement.h */ = {isa = PBXFileReference; fileEncoding = 4; lastKnownFileType = sourcecode.c.h; path = XMPPElement.h; sourceTree = "<group>"; };
		6E5841CC1910A0AD00DDDCBE /* XMPPElement.m */ = {isa = PBXFileReference; fileEncoding = 4; lastKnownFileType = sourcecode.c.objc; path = XMPPElement.m; sourceTree = "<group>"; };
		6E5841CD1910A0AD00DDDCBE /* XMPPInternal.h */ = {isa = PBXFileReference; fileEncoding = 4; lastKnownFileType = sourcecode.c.h; path = XMPPInternal.h; sourceTree = "<group>"; };
		6E5841CE1910A0AD00DDDCBE /* XMPPIQ.h */ = {isa = PBXFileReference; fileEncoding = 4; lastKnownFileType = sourcecode.c.h; path = XMPPIQ.h; sourceTree = "<group>"; };
		6E5841CF1910A0AD00DDDCBE /* XMPPIQ.m */ = {isa = PBXFileReference; fileEncoding = 4; lastKnownFileType = sourcecode.c.objc; path = XMPPIQ.m; sourceTree = "<group>"; };
		6E5841D01910A0AD00DDDCBE /* XMPPJID.h */ = {isa = PBXFileReference; fileEncoding = 4; lastKnownFileType = sourcecode.c.h; path = XMPPJID.h; sourceTree = "<group>"; };
		6E5841D11910A0AD00DDDCBE /* XMPPJID.m */ = {isa = PBXFileReference; fileEncoding = 4; lastKnownFileType = sourcecode.c.objc; path = XMPPJID.m; sourceTree = "<group>"; };
		6E5841D21910A0AD00DDDCBE /* XMPPLogging.h */ = {isa = PBXFileReference; fileEncoding = 4; lastKnownFileType = sourcecode.c.h; path = XMPPLogging.h; sourceTree = "<group>"; };
		6E5841D31910A0AD00DDDCBE /* XMPPMessage.h */ = {isa = PBXFileReference; fileEncoding = 4; lastKnownFileType = sourcecode.c.h; path = XMPPMessage.h; sourceTree = "<group>"; };
		6E5841D41910A0AD00DDDCBE /* XMPPMessage.m */ = {isa = PBXFileReference; fileEncoding = 4; lastKnownFileType = sourcecode.c.objc; path = XMPPMessage.m; sourceTree = "<group>"; };
		6E5841D51910A0AD00DDDCBE /* XMPPModule.h */ = {isa = PBXFileReference; fileEncoding = 4; lastKnownFileType = sourcecode.c.h; path = XMPPModule.h; sourceTree = "<group>"; };
		6E5841D61910A0AD00DDDCBE /* XMPPModule.m */ = {isa = PBXFileReference; fileEncoding = 4; lastKnownFileType = sourcecode.c.objc; path = XMPPModule.m; sourceTree = "<group>"; };
		6E5841D71910A0AD00DDDCBE /* XMPPParser.h */ = {isa = PBXFileReference; fileEncoding = 4; lastKnownFileType = sourcecode.c.h; path = XMPPParser.h; sourceTree = "<group>"; };
		6E5841D81910A0AD00DDDCBE /* XMPPParser.m */ = {isa = PBXFileReference; fileEncoding = 4; lastKnownFileType = sourcecode.c.objc; path = XMPPParser.m; sourceTree = "<group>"; };
		6E5841D91910A0AD00DDDCBE /* XMPPPresence.h */ = {isa = PBXFileReference; fileEncoding = 4; lastKnownFileType = sourcecode.c.h; path = XMPPPresence.h; sourceTree = "<group>"; };
		6E5841DA1910A0AD00DDDCBE /* XMPPPresence.m */ = {isa = PBXFileReference; fileEncoding = 4; lastKnownFileType = sourcecode.c.objc; path = XMPPPresence.m; sourceTree = "<group>"; };
		6E5841DB1910A0AD00DDDCBE /* XMPPStream.h */ = {isa = PBXFileReference; fileEncoding = 4; lastKnownFileType = sourcecode.c.h; path = XMPPStream.h; sourceTree = "<group>"; xcLanguageSpecificationIdentifier = xcode.lang.objcpp; };
		6E5841DC1910A0AD00DDDCBE /* XMPPStream.m */ = {isa = PBXFileReference; fileEncoding = 4; lastKnownFileType = sourcecode.c.objc; path = XMPPStream.m; sourceTree = "<group>"; };
		6E5841DE1910A0AD00DDDCBE /* DDList.h */ = {isa = PBXFileReference; fileEncoding = 4; lastKnownFileType = sourcecode.c.h; path = DDList.h; sourceTree = "<group>"; };
		6E5841DF1910A0AD00DDDCBE /* DDList.m */ = {isa = PBXFileReference; fileEncoding = 4; lastKnownFileType = sourcecode.c.objc; path = DDList.m; sourceTree = "<group>"; };
		6E5841E01910A0AD00DDDCBE /* GCDMulticastDelegate.h */ = {isa = PBXFileReference; fileEncoding = 4; lastKnownFileType = sourcecode.c.h; path = GCDMulticastDelegate.h; sourceTree = "<group>"; };
		6E5841E11910A0AD00DDDCBE /* GCDMulticastDelegate.m */ = {isa = PBXFileReference; fileEncoding = 4; lastKnownFileType = sourcecode.c.objc; path = GCDMulticastDelegate.m; sourceTree = "<group>"; };
		6E5841E21910A0AD00DDDCBE /* RFImageToDataTransformer.h */ = {isa = PBXFileReference; fileEncoding = 4; lastKnownFileType = sourcecode.c.h; path = RFImageToDataTransformer.h; sourceTree = "<group>"; };
		6E5841E31910A0AD00DDDCBE /* RFImageToDataTransformer.m */ = {isa = PBXFileReference; fileEncoding = 4; lastKnownFileType = sourcecode.c.objc; path = RFImageToDataTransformer.m; sourceTree = "<group>"; };
		6E5841E41910A0AD00DDDCBE /* XMPPIDTracker.h */ = {isa = PBXFileReference; fileEncoding = 4; lastKnownFileType = sourcecode.c.h; path = XMPPIDTracker.h; sourceTree = "<group>"; };
		6E5841E51910A0AD00DDDCBE /* XMPPIDTracker.m */ = {isa = PBXFileReference; fileEncoding = 4; lastKnownFileType = sourcecode.c.objc; path = XMPPIDTracker.m; sourceTree = "<group>"; };
		6E5841E61910A0AD00DDDCBE /* XMPPSRVResolver.h */ = {isa = PBXFileReference; fileEncoding = 4; lastKnownFileType = sourcecode.c.h; path = XMPPSRVResolver.h; sourceTree = "<group>"; };
		6E5841E71910A0AD00DDDCBE /* XMPPSRVResolver.m */ = {isa = PBXFileReference; fileEncoding = 4; lastKnownFileType = sourcecode.c.objc; path = XMPPSRVResolver.m; sourceTree = "<group>"; };
		6E5841E81910A0AD00DDDCBE /* XMPPStringPrep.h */ = {isa = PBXFileReference; fileEncoding = 4; lastKnownFileType = sourcecode.c.h; path = XMPPStringPrep.h; sourceTree = "<group>"; };
		6E5841E91910A0AD00DDDCBE /* XMPPStringPrep.m */ = {isa = PBXFileReference; fileEncoding = 4; lastKnownFileType = sourcecode.c.objc; path = XMPPStringPrep.m; sourceTree = "<group>"; };
		6E58421D1910A0D400DDDCBE /* GCDAsyncSocket.h */ = {isa = PBXFileReference; fileEncoding = 4; lastKnownFileType = sourcecode.c.h; name = GCDAsyncSocket.h; path = Dependencies/CocoaAsyncSocket/GCD/GCDAsyncSocket.h; sourceTree = "<group>"; };
		6E58421E1910A0D400DDDCBE /* GCDAsyncSocket.m */ = {isa = PBXFileReference; fileEncoding = 4; lastKnownFileType = sourcecode.c.objc; name = GCDAsyncSocket.m; path = Dependencies/CocoaAsyncSocket/GCD/GCDAsyncSocket.m; sourceTree = "<group>"; };
		6E653C1D1912C2D6004F288F /* FBUser+Jabber.h */ = {isa = PBXFileReference; fileEncoding = 4; lastKnownFileType = sourcecode.c.h; path = "FBUser+Jabber.h"; sourceTree = "<group>"; };
		6E653C1E1912C2D6004F288F /* FBUser+Jabber.m */ = {isa = PBXFileReference; fileEncoding = 4; lastKnownFileType = sourcecode.c.objc; path = "FBUser+Jabber.m"; sourceTree = "<group>"; };
		6E9FA37018138ECE00785A09 /* Facebook Messenger.app */ = {isa = PBXFileReference; explicitFileType = wrapper.application; includeInIndex = 0; path = "Facebook Messenger.app"; sourceTree = BUILT_PRODUCTS_DIR; };
		6E9FA37318138ECE00785A09 /* Cocoa.framework */ = {isa = PBXFileReference; lastKnownFileType = wrapper.framework; name = Cocoa.framework; path = System/Library/Frameworks/Cocoa.framework; sourceTree = SDKROOT; };
		6E9FA37618138ECE00785A09 /* AppKit.framework */ = {isa = PBXFileReference; lastKnownFileType = wrapper.framework; name = AppKit.framework; path = System/Library/Frameworks/AppKit.framework; sourceTree = SDKROOT; };
		6E9FA37718138ECE00785A09 /* CoreData.framework */ = {isa = PBXFileReference; lastKnownFileType = wrapper.framework; name = CoreData.framework; path = System/Library/Frameworks/CoreData.framework; sourceTree = SDKROOT; };
		6E9FA37818138ECE00785A09 /* Foundation.framework */ = {isa = PBXFileReference; lastKnownFileType = wrapper.framework; name = Foundation.framework; path = System/Library/Frameworks/Foundation.framework; sourceTree = SDKROOT; };
		6E9FA37B18138ECE00785A09 /* Facebook Messenger-Info.plist */ = {isa = PBXFileReference; lastKnownFileType = text.plist.xml; path = "Facebook Messenger-Info.plist"; sourceTree = "<group>"; };
		6E9FA37D18138ECE00785A09 /* en */ = {isa = PBXFileReference; lastKnownFileType = text.plist.strings; name = en; path = en.lproj/InfoPlist.strings; sourceTree = "<group>"; };
		6E9FA37F18138ECE00785A09 /* main.m */ = {isa = PBXFileReference; lastKnownFileType = sourcecode.c.objc; path = main.m; sourceTree = "<group>"; };
		6E9FA38118138ECE00785A09 /* Facebook Messenger-Prefix.pch */ = {isa = PBXFileReference; lastKnownFileType = sourcecode.c.h; path = "Facebook Messenger-Prefix.pch"; sourceTree = "<group>"; };
		6E9FA38318138ECE00785A09 /* en */ = {isa = PBXFileReference; lastKnownFileType = text.rtf; name = en; path = en.lproj/Credits.rtf; sourceTree = "<group>"; };
		6E9FA38518138ECE00785A09 /* FBMAppDelegate.h */ = {isa = PBXFileReference; lastKnownFileType = sourcecode.c.h; path = FBMAppDelegate.h; sourceTree = "<group>"; };
		6E9FA38618138ECE00785A09 /* FBMAppDelegate.m */ = {isa = PBXFileReference; lastKnownFileType = sourcecode.c.objc; path = FBMAppDelegate.m; sourceTree = "<group>"; };
		6E9FA38918138ECE00785A09 /* Base */ = {isa = PBXFileReference; lastKnownFileType = file.xib; name = Base; path = Base.lproj/MainMenu.xib; sourceTree = "<group>"; };
		6E9FA38B18138ECE00785A09 /* Images.xcassets */ = {isa = PBXFileReference; lastKnownFileType = folder.assetcatalog; path = Images.xcassets; sourceTree = "<group>"; };
		6E9FA39118138ECE00785A09 /* Facebook MessengerTests.xctest */ = {isa = PBXFileReference; explicitFileType = wrapper.cfbundle; includeInIndex = 0; path = "Facebook MessengerTests.xctest"; sourceTree = BUILT_PRODUCTS_DIR; };
		6E9FA39218138ECE00785A09 /* XCTest.framework */ = {isa = PBXFileReference; lastKnownFileType = wrapper.framework; name = XCTest.framework; path = Library/Frameworks/XCTest.framework; sourceTree = DEVELOPER_DIR; };
		6E9FA39918138ECE00785A09 /* Facebook MessengerTests-Info.plist */ = {isa = PBXFileReference; lastKnownFileType = text.plist.xml; path = "Facebook MessengerTests-Info.plist"; sourceTree = "<group>"; };
		6E9FA39B18138ECE00785A09 /* en */ = {isa = PBXFileReference; lastKnownFileType = text.plist.strings; name = en; path = en.lproj/InfoPlist.strings; sourceTree = "<group>"; };
		6E9FA39D18138ECE00785A09 /* Facebook_MessengerTests.m */ = {isa = PBXFileReference; lastKnownFileType = sourcecode.c.objc; path = Facebook_MessengerTests.m; sourceTree = "<group>"; };
		6E9FA3A718138F3A00785A09 /* Accounts.framework */ = {isa = PBXFileReference; lastKnownFileType = wrapper.framework; name = Accounts.framework; path = System/Library/Frameworks/Accounts.framework; sourceTree = SDKROOT; };
		6E9FA3A918138F4100785A09 /* Social.framework */ = {isa = PBXFileReference; lastKnownFileType = wrapper.framework; name = Social.framework; path = System/Library/Frameworks/Social.framework; sourceTree = SDKROOT; };
		6E9FA3AC18138F7A00785A09 /* FBMStore.h */ = {isa = PBXFileReference; fileEncoding = 4; lastKnownFileType = sourcecode.c.h; path = FBMStore.h; sourceTree = "<group>"; };
		6E9FA3AD18138F7A00785A09 /* FBMStore.m */ = {isa = PBXFileReference; fileEncoding = 4; lastKnownFileType = sourcecode.c.objc; path = FBMStore.m; sourceTree = "<group>"; };
		6E9FA3B11813A6BE00785A09 /* FBModel.xcdatamodel */ = {isa = PBXFileReference; lastKnownFileType = wrapper.xcdatamodel; path = FBModel.xcdatamodel; sourceTree = "<group>"; };
		6E9FA3B5181439E500785A09 /* FBMInboxWindowController.h */ = {isa = PBXFileReference; fileEncoding = 4; lastKnownFileType = sourcecode.c.h; path = FBMInboxWindowController.h; sourceTree = "<group>"; };
		6E9FA3B6181439E500785A09 /* FBMInboxWindowController.m */ = {isa = PBXFileReference; fileEncoding = 4; lastKnownFileType = sourcecode.c.objc; path = FBMInboxWindowController.m; sourceTree = "<group>"; };
		6E9FA3B7181439E500785A09 /* FBMInboxWindowController.xib */ = {isa = PBXFileReference; fileEncoding = 4; lastKnownFileType = file.xib; path = FBMInboxWindowController.xib; sourceTree = "<group>"; };
		6E9FA3D318144DDB00785A09 /* FBUser.h */ = {isa = PBXFileReference; fileEncoding = 4; lastKnownFileType = sourcecode.c.h; path = FBUser.h; sourceTree = "<group>"; };
		6E9FA3D418144DDB00785A09 /* FBUser.m */ = {isa = PBXFileReference; fileEncoding = 4; lastKnownFileType = sourcecode.c.objc; path = FBUser.m; sourceTree = "<group>"; };
		6E9FA3D618144DDC00785A09 /* FBConversation.h */ = {isa = PBXFileReference; fileEncoding = 4; lastKnownFileType = sourcecode.c.h; path = FBConversation.h; sourceTree = "<group>"; };
		6E9FA3D718144DDC00785A09 /* FBConversation.m */ = {isa = PBXFileReference; fileEncoding = 4; lastKnownFileType = sourcecode.c.objc; path = FBConversation.m; sourceTree = "<group>"; };
		6E9FA3D918144DDC00785A09 /* FBConversationComment.h */ = {isa = PBXFileReference; fileEncoding = 4; lastKnownFileType = sourcecode.c.h; path = FBConversationComment.h; sourceTree = "<group>"; };
		6E9FA3DA18144DDC00785A09 /* FBConversationComment.m */ = {isa = PBXFileReference; fileEncoding = 4; lastKnownFileType = sourcecode.c.objc; path = FBConversationComment.m; sourceTree = "<group>"; };
		6E9FA3DE181466A900785A09 /* FBMConversationWindowController.h */ = {isa = PBXFileReference; fileEncoding = 4; lastKnownFileType = sourcecode.c.h; path = FBMConversationWindowController.h; sourceTree = "<group>"; };
		6E9FA3DF181466A900785A09 /* FBMConversationWindowController.m */ = {isa = PBXFileReference; fileEncoding = 4; lastKnownFileType = sourcecode.c.objc; path = FBMConversationWindowController.m; sourceTree = "<group>"; };
		6E9FA3E0181466A900785A09 /* FBMConversationWindowController.xib */ = {isa = PBXFileReference; fileEncoding = 4; lastKnownFileType = file.xib; path = FBMConversationWindowController.xib; sourceTree = "<group>"; };
		6E9FA3E418146FAB00785A09 /* FBMessageCellView.h */ = {isa = PBXFileReference; fileEncoding = 4; lastKnownFileType = sourcecode.c.h; path = FBMessageCellView.h; sourceTree = "<group>"; };
		6E9FA3E518146FAB00785A09 /* FBMessageCellView.m */ = {isa = PBXFileReference; fileEncoding = 4; lastKnownFileType = sourcecode.c.objc; path = FBMessageCellView.m; sourceTree = "<group>"; };
		6EBAE37A1870D3FA004F172A /* NSDate+FBDate.h */ = {isa = PBXFileReference; fileEncoding = 4; lastKnownFileType = sourcecode.c.h; path = "NSDate+FBDate.h"; sourceTree = "<group>"; };
		6EBAE37B1870D3FA004F172A /* NSDate+FBDate.m */ = {isa = PBXFileReference; fileEncoding = 4; lastKnownFileType = sourcecode.c.objc; path = "NSDate+FBDate.m"; sourceTree = "<group>"; };
		6EBAEABA18727536004F172A /* libxml2.dylib */ = {isa = PBXFileReference; lastKnownFileType = "compiled.mach-o.dylib"; name = libxml2.dylib; path = usr/lib/libxml2.dylib; sourceTree = SDKROOT; };
		6EC4F80E1911961C00B87BDF /* CLIColor.h */ = {isa = PBXFileReference; fileEncoding = 4; lastKnownFileType = sourcecode.c.h; path = CLIColor.h; sourceTree = "<group>"; };
		6EC4F80F1911961C00B87BDF /* CLIColor.m */ = {isa = PBXFileReference; fileEncoding = 4; lastKnownFileType = sourcecode.c.objc; path = CLIColor.m; sourceTree = "<group>"; };
		6EC4F8101911961C00B87BDF /* DDAbstractDatabaseLogger.h */ = {isa = PBXFileReference; fileEncoding = 4; lastKnownFileType = sourcecode.c.h; path = DDAbstractDatabaseLogger.h; sourceTree = "<group>"; };
		6EC4F8111911961C00B87BDF /* DDAbstractDatabaseLogger.m */ = {isa = PBXFileReference; fileEncoding = 4; lastKnownFileType = sourcecode.c.objc; path = DDAbstractDatabaseLogger.m; sourceTree = "<group>"; };
		6EC4F8121911961C00B87BDF /* DDASLLogCapture.h */ = {isa = PBXFileReference; fileEncoding = 4; lastKnownFileType = sourcecode.c.h; path = DDASLLogCapture.h; sourceTree = "<group>"; };
		6EC4F8131911961C00B87BDF /* DDASLLogCapture.m */ = {isa = PBXFileReference; fileEncoding = 4; lastKnownFileType = sourcecode.c.objc; path = DDASLLogCapture.m; sourceTree = "<group>"; };
		6EC4F8141911961C00B87BDF /* DDASLLogger.h */ = {isa = PBXFileReference; fileEncoding = 4; lastKnownFileType = sourcecode.c.h; path = DDASLLogger.h; sourceTree = "<group>"; };
		6EC4F8151911961C00B87BDF /* DDASLLogger.m */ = {isa = PBXFileReference; fileEncoding = 4; lastKnownFileType = sourcecode.c.objc; path = DDASLLogger.m; sourceTree = "<group>"; };
		6EC4F8161911961C00B87BDF /* DDFileLogger.h */ = {isa = PBXFileReference; fileEncoding = 4; lastKnownFileType = sourcecode.c.h; path = DDFileLogger.h; sourceTree = "<group>"; };
		6EC4F8171911961C00B87BDF /* DDFileLogger.m */ = {isa = PBXFileReference; fileEncoding = 4; lastKnownFileType = sourcecode.c.objc; path = DDFileLogger.m; sourceTree = "<group>"; };
		6EC4F8181911961C00B87BDF /* DDLog+LOGV.h */ = {isa = PBXFileReference; fileEncoding = 4; lastKnownFileType = sourcecode.c.h; path = "DDLog+LOGV.h"; sourceTree = "<group>"; };
		6EC4F8191911961C00B87BDF /* DDLog.h */ = {isa = PBXFileReference; fileEncoding = 4; lastKnownFileType = sourcecode.c.h; path = DDLog.h; sourceTree = "<group>"; };
		6EC4F81A1911961C00B87BDF /* DDLog.m */ = {isa = PBXFileReference; fileEncoding = 4; lastKnownFileType = sourcecode.c.objc; path = DDLog.m; sourceTree = "<group>"; };
		6EC4F81B1911961C00B87BDF /* DDTTYLogger.h */ = {isa = PBXFileReference; fileEncoding = 4; lastKnownFileType = sourcecode.c.h; path = DDTTYLogger.h; sourceTree = "<group>"; };
		6EC4F81C1911961C00B87BDF /* DDTTYLogger.m */ = {isa = PBXFileReference; fileEncoding = 4; lastKnownFileType = sourcecode.c.objc; path = DDTTYLogger.m; sourceTree = "<group>"; };
		6EC4F81E1911961C00B87BDF /* DDContextFilterLogFormatter.h */ = {isa = PBXFileReference; fileEncoding = 4; lastKnownFileType = sourcecode.c.h; path = DDContextFilterLogFormatter.h; sourceTree = "<group>"; };
		6EC4F81F1911961C00B87BDF /* DDContextFilterLogFormatter.m */ = {isa = PBXFileReference; fileEncoding = 4; lastKnownFileType = sourcecode.c.objc; path = DDContextFilterLogFormatter.m; sourceTree = "<group>"; };
		6EC4F8201911961C00B87BDF /* DDDispatchQueueLogFormatter.h */ = {isa = PBXFileReference; fileEncoding = 4; lastKnownFileType = sourcecode.c.h; path = DDDispatchQueueLogFormatter.h; sourceTree = "<group>"; };
		6EC4F8211911961C00B87BDF /* DDDispatchQueueLogFormatter.m */ = {isa = PBXFileReference; fileEncoding = 4; lastKnownFileType = sourcecode.c.objc; path = DDDispatchQueueLogFormatter.m; sourceTree = "<group>"; };
		6EC4F8221911961C00B87BDF /* DDMultiFormatter.h */ = {isa = PBXFileReference; fileEncoding = 4; lastKnownFileType = sourcecode.c.h; path = DDMultiFormatter.h; sourceTree = "<group>"; };
		6EC4F8231911961C00B87BDF /* DDMultiFormatter.m */ = {isa = PBXFileReference; fileEncoding = 4; lastKnownFileType = sourcecode.c.objc; path = DDMultiFormatter.m; sourceTree = "<group>"; };
		6EC4F8241911961C00B87BDF /* README.txt */ = {isa = PBXFileReference; fileEncoding = 4; lastKnownFileType = text; path = README.txt; sourceTree = "<group>"; };
		6EC4F83C1911982200B87BDF /* build-libidn.sh */ = {isa = PBXFileReference; fileEncoding = 4; lastKnownFileType = text.script.sh; path = "build-libidn.sh"; sourceTree = "<group>"; };
		6EC4F83D1911982200B87BDF /* idn-int.h */ = {isa = PBXFileReference; fileEncoding = 4; lastKnownFileType = sourcecode.c.h; path = "idn-int.h"; sourceTree = "<group>"; };
		6EC4F83E1911982200B87BDF /* libidn.a */ = {isa = PBXFileReference; lastKnownFileType = archive.ar; path = libidn.a; sourceTree = "<group>"; };
		6EC4F83F1911982200B87BDF /* stringprep.h */ = {isa = PBXFileReference; fileEncoding = 4; lastKnownFileType = sourcecode.c.h; path = stringprep.h; sourceTree = "<group>"; };
		6ECA431119131B5E00921652 /* FBMDirectoryWindowController.h */ = {isa = PBXFileReference; fileEncoding = 4; lastKnownFileType = sourcecode.c.h; path = FBMDirectoryWindowController.h; sourceTree = "<group>"; };
		6ECA431219131B5E00921652 /* FBMDirectoryWindowController.m */ = {isa = PBXFileReference; fileEncoding = 4; lastKnownFileType = sourcecode.c.objc; path = FBMDirectoryWindowController.m; sourceTree = "<group>"; };
		6ECA431319131B5E00921652 /* FBMDirectoryWindowController.xib */ = {isa = PBXFileReference; fileEncoding = 4; lastKnownFileType = file.xib; path = FBMDirectoryWindowController.xib; sourceTree = "<group>"; };
		6ECA431819131D8900921652 /* FBUserCellView.h */ = {isa = PBXFileReference; fileEncoding = 4; lastKnownFileType = sourcecode.c.h; path = FBUserCellView.h; sourceTree = "<group>"; };
		6ECA431919131D8900921652 /* FBUserCellView.m */ = {isa = PBXFileReference; fileEncoding = 4; lastKnownFileType = sourcecode.c.objc; path = FBUserCellView.m; sourceTree = "<group>"; };
		6ECF9D4B1912ED9900BEA52C /* Facebook Messenger.entitlements */ = {isa = PBXFileReference; lastKnownFileType = text.xml; path = "Facebook Messenger.entitlements"; sourceTree = "<group>"; };
		6ED4753E1913F9640034D719 /* FBConversation+StringRepresentation.h */ = {isa = PBXFileReference; fileEncoding = 4; lastKnownFileType = sourcecode.c.h; path = "FBConversation+StringRepresentation.h"; sourceTree = "<group>"; };
		6ED4753F1913F9640034D719 /* FBConversation+StringRepresentation.m */ = {isa = PBXFileReference; fileEncoding = 4; lastKnownFileType = sourcecode.c.objc; path = "FBConversation+StringRepresentation.m"; sourceTree = "<group>"; };
/* End PBXFileReference section */

/* Begin PBXFrameworksBuildPhase section */
		6E9FA36D18138ECD00785A09 /* Frameworks */ = {
			isa = PBXFrameworksBuildPhase;
			buildActionMask = 2147483647;
			files = (
				6E4FE2FA1872785D00646455 /* libresolv.dylib in Frameworks */,
				6E4FE2F81872780900646455 /* SystemConfiguration.framework in Frameworks */,
				6EBAEABB18727536004F172A /* libxml2.dylib in Frameworks */,
				6EC4F8421911982200B87BDF /* libidn.a in Frameworks */,
				6E4FE2F61872770F00646455 /* Security.framework in Frameworks */,
				6E9FA3AB18138F4B00785A09 /* CoreData.framework in Frameworks */,
				6E9FA3AA18138F4100785A09 /* Social.framework in Frameworks */,
				6E9FA3A818138F3A00785A09 /* Accounts.framework in Frameworks */,
				6E9FA37418138ECE00785A09 /* Cocoa.framework in Frameworks */,
			);
			runOnlyForDeploymentPostprocessing = 0;
		};
		6E9FA38E18138ECE00785A09 /* Frameworks */ = {
			isa = PBXFrameworksBuildPhase;
			buildActionMask = 2147483647;
			files = (
				6EC4F8431911982200B87BDF /* libidn.a in Frameworks */,
				6E9FA39418138ECE00785A09 /* Cocoa.framework in Frameworks */,
				6E9FA39318138ECE00785A09 /* XCTest.framework in Frameworks */,
			);
			runOnlyForDeploymentPostprocessing = 0;
		};
/* End PBXFrameworksBuildPhase section */

/* Begin PBXGroup section */
		6E5833291910A03A00DDDCBE /* Dependencies */ = {
			isa = PBXGroup;
			children = (
				6EC4F83B1911982200B87BDF /* libidn */,
				6EC4F80C1911961C00B87BDF /* Lumberjack */,
				6E58421C1910A0B400DDDCBE /* GCDAsyncSocket */,
				6E5841A71910A09600DDDCBE /* XMPPFramework */,
			);
			name = Dependencies;
			sourceTree = "<group>";
		};
		6E5841A71910A09600DDDCBE /* XMPPFramework */ = {
			isa = PBXGroup;
			children = (
				6E5841A81910A0AD00DDDCBE /* Authentication */,
				6E5841C21910A0AD00DDDCBE /* Categories */,
				6E5841C91910A0AD00DDDCBE /* Core */,
				6E5841DD1910A0AD00DDDCBE /* Utilities */,
			);
			name = XMPPFramework;
			sourceTree = "<group>";
		};
		6E5841A81910A0AD00DDDCBE /* Authentication */ = {
			isa = PBXGroup;
			children = (
				6E5841A91910A0AD00DDDCBE /* Anonymous */,
				6E5841AC1910A0AD00DDDCBE /* Deprecated-Digest */,
				6E5841AF1910A0AD00DDDCBE /* Deprecated-Plain */,
				6E5841B21910A0AD00DDDCBE /* Digest-MD5 */,
				6E5841B51910A0AD00DDDCBE /* Plain */,
				6E5841B81910A0AD00DDDCBE /* SCRAM-SHA-1 */,
				6E5841BB1910A0AD00DDDCBE /* X-Facebook-Platform */,
				6E5841BE1910A0AD00DDDCBE /* X-OAuth2-Google */,
				6E5841C11910A0AD00DDDCBE /* XMPPSASLAuthentication.h */,
			);
			name = Authentication;
			path = Dependencies/XMPPFramework/Authentication;
			sourceTree = "<group>";
		};
		6E5841A91910A0AD00DDDCBE /* Anonymous */ = {
			isa = PBXGroup;
			children = (
				6E5841AA1910A0AD00DDDCBE /* XMPPAnonymousAuthentication.h */,
				6E5841AB1910A0AD00DDDCBE /* XMPPAnonymousAuthentication.m */,
			);
			path = Anonymous;
			sourceTree = "<group>";
		};
		6E5841AC1910A0AD00DDDCBE /* Deprecated-Digest */ = {
			isa = PBXGroup;
			children = (
				6E5841AD1910A0AD00DDDCBE /* XMPPDeprecatedDigestAuthentication.h */,
				6E5841AE1910A0AD00DDDCBE /* XMPPDeprecatedDigestAuthentication.m */,
			);
			path = "Deprecated-Digest";
			sourceTree = "<group>";
		};
		6E5841AF1910A0AD00DDDCBE /* Deprecated-Plain */ = {
			isa = PBXGroup;
			children = (
				6E5841B01910A0AD00DDDCBE /* XMPPDeprecatedPlainAuthentication.h */,
				6E5841B11910A0AD00DDDCBE /* XMPPDeprecatedPlainAuthentication.m */,
			);
			path = "Deprecated-Plain";
			sourceTree = "<group>";
		};
		6E5841B21910A0AD00DDDCBE /* Digest-MD5 */ = {
			isa = PBXGroup;
			children = (
				6E5841B31910A0AD00DDDCBE /* XMPPDigestMD5Authentication.h */,
				6E5841B41910A0AD00DDDCBE /* XMPPDigestMD5Authentication.m */,
			);
			path = "Digest-MD5";
			sourceTree = "<group>";
		};
		6E5841B51910A0AD00DDDCBE /* Plain */ = {
			isa = PBXGroup;
			children = (
				6E5841B61910A0AD00DDDCBE /* XMPPPlainAuthentication.h */,
				6E5841B71910A0AD00DDDCBE /* XMPPPlainAuthentication.m */,
			);
			path = Plain;
			sourceTree = "<group>";
		};
		6E5841B81910A0AD00DDDCBE /* SCRAM-SHA-1 */ = {
			isa = PBXGroup;
			children = (
				6E5841B91910A0AD00DDDCBE /* XMPPSCRAMSHA1Authentication.h */,
				6E5841BA1910A0AD00DDDCBE /* XMPPSCRAMSHA1Authentication.m */,
			);
			path = "SCRAM-SHA-1";
			sourceTree = "<group>";
		};
		6E5841BB1910A0AD00DDDCBE /* X-Facebook-Platform */ = {
			isa = PBXGroup;
			children = (
				6E5841BC1910A0AD00DDDCBE /* XMPPXFacebookPlatformAuthentication.h */,
				6E5841BD1910A0AD00DDDCBE /* XMPPXFacebookPlatformAuthentication.m */,
			);
			path = "X-Facebook-Platform";
			sourceTree = "<group>";
		};
		6E5841BE1910A0AD00DDDCBE /* X-OAuth2-Google */ = {
			isa = PBXGroup;
			children = (
				6E5841BF1910A0AD00DDDCBE /* XMPPXOAuth2Google.h */,
				6E5841C01910A0AD00DDDCBE /* XMPPXOAuth2Google.m */,
			);
			path = "X-OAuth2-Google";
			sourceTree = "<group>";
		};
		6E5841C21910A0AD00DDDCBE /* Categories */ = {
			isa = PBXGroup;
			children = (
				6E5841C31910A0AD00DDDCBE /* NSData+XMPP.h */,
				6E5841C41910A0AD00DDDCBE /* NSData+XMPP.m */,
				6E5841C51910A0AD00DDDCBE /* NSNumber+XMPP.h */,
				6E5841C61910A0AD00DDDCBE /* NSNumber+XMPP.m */,
				6E5841C71910A0AD00DDDCBE /* NSXMLElement+XMPP.h */,
				6E5841C81910A0AD00DDDCBE /* NSXMLElement+XMPP.m */,
			);
			name = Categories;
			path = Dependencies/XMPPFramework/Categories;
			sourceTree = "<group>";
		};
		6E5841C91910A0AD00DDDCBE /* Core */ = {
			isa = PBXGroup;
			children = (
				6E5841CA1910A0AD00DDDCBE /* XMPP.h */,
				6E5841CB1910A0AD00DDDCBE /* XMPPElement.h */,
				6E5841CC1910A0AD00DDDCBE /* XMPPElement.m */,
				6E5841CD1910A0AD00DDDCBE /* XMPPInternal.h */,
				6E5841CE1910A0AD00DDDCBE /* XMPPIQ.h */,
				6E5841CF1910A0AD00DDDCBE /* XMPPIQ.m */,
				6E5841D01910A0AD00DDDCBE /* XMPPJID.h */,
				6E5841D11910A0AD00DDDCBE /* XMPPJID.m */,
				6E5841D21910A0AD00DDDCBE /* XMPPLogging.h */,
				6E5841D31910A0AD00DDDCBE /* XMPPMessage.h */,
				6E5841D41910A0AD00DDDCBE /* XMPPMessage.m */,
				6E5841D51910A0AD00DDDCBE /* XMPPModule.h */,
				6E5841D61910A0AD00DDDCBE /* XMPPModule.m */,
				6E5841D71910A0AD00DDDCBE /* XMPPParser.h */,
				6E5841D81910A0AD00DDDCBE /* XMPPParser.m */,
				6E5841D91910A0AD00DDDCBE /* XMPPPresence.h */,
				6E5841DA1910A0AD00DDDCBE /* XMPPPresence.m */,
				6E5841DB1910A0AD00DDDCBE /* XMPPStream.h */,
				6E5841DC1910A0AD00DDDCBE /* XMPPStream.m */,
			);
			name = Core;
			path = Dependencies/XMPPFramework/Core;
			sourceTree = "<group>";
		};
		6E5841DD1910A0AD00DDDCBE /* Utilities */ = {
			isa = PBXGroup;
			children = (
				6E5841DE1910A0AD00DDDCBE /* DDList.h */,
				6E5841DF1910A0AD00DDDCBE /* DDList.m */,
				6E5841E01910A0AD00DDDCBE /* GCDMulticastDelegate.h */,
				6E5841E11910A0AD00DDDCBE /* GCDMulticastDelegate.m */,
				6E5841E21910A0AD00DDDCBE /* RFImageToDataTransformer.h */,
				6E5841E31910A0AD00DDDCBE /* RFImageToDataTransformer.m */,
				6E5841E41910A0AD00DDDCBE /* XMPPIDTracker.h */,
				6E5841E51910A0AD00DDDCBE /* XMPPIDTracker.m */,
				6E5841E61910A0AD00DDDCBE /* XMPPSRVResolver.h */,
				6E5841E71910A0AD00DDDCBE /* XMPPSRVResolver.m */,
				6E5841E81910A0AD00DDDCBE /* XMPPStringPrep.h */,
				6E5841E91910A0AD00DDDCBE /* XMPPStringPrep.m */,
			);
			name = Utilities;
			path = Dependencies/XMPPFramework/Utilities;
			sourceTree = "<group>";
		};
		6E58421C1910A0B400DDDCBE /* GCDAsyncSocket */ = {
			isa = PBXGroup;
			children = (
				6E58421D1910A0D400DDDCBE /* GCDAsyncSocket.h */,
				6E58421E1910A0D400DDDCBE /* GCDAsyncSocket.m */,
			);
			name = GCDAsyncSocket;
			sourceTree = "<group>";
		};
		6E653C1C1912C2AC004F288F /* Categories */ = {
			isa = PBXGroup;
			children = (
				6E653C1D1912C2D6004F288F /* FBUser+Jabber.h */,
				6E653C1E1912C2D6004F288F /* FBUser+Jabber.m */,
				6ED4753E1913F9640034D719 /* FBConversation+StringRepresentation.h */,
				6ED4753F1913F9640034D719 /* FBConversation+StringRepresentation.m */,
			);
			name = Categories;
			sourceTree = "<group>";
		};
		6E9FA36718138ECD00785A09 = {
			isa = PBXGroup;
			children = (
				6E9FA37918138ECE00785A09 /* Facebook Messenger */,
				6E9FA39718138ECE00785A09 /* Facebook MessengerTests */,
				6E9FA37218138ECE00785A09 /* Frameworks */,
				6E9FA37118138ECE00785A09 /* Products */,
			);
			sourceTree = "<group>";
		};
		6E9FA37118138ECE00785A09 /* Products */ = {
			isa = PBXGroup;
			children = (
				6E9FA37018138ECE00785A09 /* Facebook Messenger.app */,
				6E9FA39118138ECE00785A09 /* Facebook MessengerTests.xctest */,
			);
			name = Products;
			sourceTree = "<group>";
		};
		6E9FA37218138ECE00785A09 /* Frameworks */ = {
			isa = PBXGroup;
			children = (
				6E5833291910A03A00DDDCBE /* Dependencies */,
				6E4FE2F91872785C00646455 /* libresolv.dylib */,
				6E4FE2F71872780900646455 /* SystemConfiguration.framework */,
				6E4FE2F51872770F00646455 /* Security.framework */,
				6EBAEABA18727536004F172A /* libxml2.dylib */,
				6E9FA3A918138F4100785A09 /* Social.framework */,
				6E9FA3A718138F3A00785A09 /* Accounts.framework */,
				6E9FA37318138ECE00785A09 /* Cocoa.framework */,
				6E9FA39218138ECE00785A09 /* XCTest.framework */,
				6E9FA37518138ECE00785A09 /* Other Frameworks */,
			);
			name = Frameworks;
			sourceTree = "<group>";
		};
		6E9FA37518138ECE00785A09 /* Other Frameworks */ = {
			isa = PBXGroup;
			children = (
				6E9FA37618138ECE00785A09 /* AppKit.framework */,
				6E9FA37718138ECE00785A09 /* CoreData.framework */,
				6E9FA37818138ECE00785A09 /* Foundation.framework */,
			);
			name = "Other Frameworks";
			sourceTree = "<group>";
		};
		6E9FA37918138ECE00785A09 /* Facebook Messenger */ = {
			isa = PBXGroup;
			children = (
				6ECF9D4B1912ED9900BEA52C /* Facebook Messenger.entitlements */,
				6E9FA38518138ECE00785A09 /* FBMAppDelegate.h */,
				6E9FA38618138ECE00785A09 /* FBMAppDelegate.m */,
				6E9FA38818138ECE00785A09 /* MainMenu.xib */,
				6E9FA38B18138ECE00785A09 /* Images.xcassets */,
				6E9FA3B01813A6BE00785A09 /* FBModel.xcdatamodeld */,
				6E9FA3E318146F8600785A09 /* Views */,
				6E9FA3B41813B25A00785A09 /* Controllers */,
				6E9FA3B31813ADFF00785A09 /* Models */,
				6E9FA3AF18138F9200785A09 /* Stores */,
				6E9FA37A18138ECE00785A09 /* Supporting Files */,
			);
			path = "Facebook Messenger";
			sourceTree = "<group>";
		};
		6E9FA37A18138ECE00785A09 /* Supporting Files */ = {
			isa = PBXGroup;
			children = (
				6E9FA37B18138ECE00785A09 /* Facebook Messenger-Info.plist */,
				6E9FA37C18138ECE00785A09 /* InfoPlist.strings */,
				6E9FA37F18138ECE00785A09 /* main.m */,
				6E9FA38118138ECE00785A09 /* Facebook Messenger-Prefix.pch */,
				6E9FA38218138ECE00785A09 /* Credits.rtf */,
			);
			name = "Supporting Files";
			sourceTree = "<group>";
		};
		6E9FA39718138ECE00785A09 /* Facebook MessengerTests */ = {
			isa = PBXGroup;
			children = (
				6E9FA39D18138ECE00785A09 /* Facebook_MessengerTests.m */,
				6E9FA39818138ECE00785A09 /* Supporting Files */,
			);
			path = "Facebook MessengerTests";
			sourceTree = "<group>";
		};
		6E9FA39818138ECE00785A09 /* Supporting Files */ = {
			isa = PBXGroup;
			children = (
				6E9FA39918138ECE00785A09 /* Facebook MessengerTests-Info.plist */,
				6E9FA39A18138ECE00785A09 /* InfoPlist.strings */,
			);
			name = "Supporting Files";
			sourceTree = "<group>";
		};
		6E9FA3AF18138F9200785A09 /* Stores */ = {
			isa = PBXGroup;
			children = (
				6E0E3887187092A600CED6B6 /* FBMAPI.h */,
				6E0E3888187092A600CED6B6 /* FBMAPI.m */,
				6E9FA3AC18138F7A00785A09 /* FBMStore.h */,
				6E9FA3AD18138F7A00785A09 /* FBMStore.m */,
			);
			name = Stores;
			sourceTree = "<group>";
		};
		6E9FA3B31813ADFF00785A09 /* Models */ = {
			isa = PBXGroup;
			children = (
				6EBAE3791870D3D9004F172A /* Categories */,
				6E9FA3C318143FA500785A09 /* NSManagedObject */,
			);
			name = Models;
			sourceTree = "<group>";
		};
		6E9FA3B41813B25A00785A09 /* Controllers */ = {
			isa = PBXGroup;
			children = (
				6ECA431019131B4400921652 /* Directory */,
				6E9FA3DD1814668400785A09 /* Conversation */,
				6E9FA3DC1814667800785A09 /* Inbox */,
			);
			name = Controllers;
			sourceTree = "<group>";
		};
		6E9FA3C318143FA500785A09 /* NSManagedObject */ = {
			isa = PBXGroup;
			children = (
				6E653C1C1912C2AC004F288F /* Categories */,
				6E9FA3D918144DDC00785A09 /* FBConversationComment.h */,
				6E9FA3DA18144DDC00785A09 /* FBConversationComment.m */,
				6E9FA3D618144DDC00785A09 /* FBConversation.h */,
				6E9FA3D718144DDC00785A09 /* FBConversation.m */,
				6E9FA3D318144DDB00785A09 /* FBUser.h */,
				6E9FA3D418144DDB00785A09 /* FBUser.m */,
			);
			name = NSManagedObject;
			sourceTree = "<group>";
		};
		6E9FA3DC1814667800785A09 /* Inbox */ = {
			isa = PBXGroup;
			children = (
				6E9FA3B5181439E500785A09 /* FBMInboxWindowController.h */,
				6E9FA3B6181439E500785A09 /* FBMInboxWindowController.m */,
				6E9FA3B7181439E500785A09 /* FBMInboxWindowController.xib */,
			);
			name = Inbox;
			sourceTree = "<group>";
		};
		6E9FA3DD1814668400785A09 /* Conversation */ = {
			isa = PBXGroup;
			children = (
				6E9FA3DE181466A900785A09 /* FBMConversationWindowController.h */,
				6E9FA3DF181466A900785A09 /* FBMConversationWindowController.m */,
				6E9FA3E0181466A900785A09 /* FBMConversationWindowController.xib */,
			);
			name = Conversation;
			sourceTree = "<group>";
		};
		6E9FA3E318146F8600785A09 /* Views */ = {
			isa = PBXGroup;
			children = (
				6E9FA3E418146FAB00785A09 /* FBMessageCellView.h */,
				6E9FA3E518146FAB00785A09 /* FBMessageCellView.m */,
				6ECA431819131D8900921652 /* FBUserCellView.h */,
				6ECA431919131D8900921652 /* FBUserCellView.m */,
			);
			name = Views;
			sourceTree = "<group>";
		};
		6EBAE3791870D3D9004F172A /* Categories */ = {
			isa = PBXGroup;
			children = (
				6EBAE37A1870D3FA004F172A /* NSDate+FBDate.h */,
				6EBAE37B1870D3FA004F172A /* NSDate+FBDate.m */,
			);
			name = Categories;
			sourceTree = "<group>";
		};
		6EC4F80C1911961C00B87BDF /* Lumberjack */ = {
			isa = PBXGroup;
			children = (
				6EC4F80D1911961C00B87BDF /* CLI */,
				6EC4F8101911961C00B87BDF /* DDAbstractDatabaseLogger.h */,
				6EC4F8111911961C00B87BDF /* DDAbstractDatabaseLogger.m */,
				6EC4F8121911961C00B87BDF /* DDASLLogCapture.h */,
				6EC4F8131911961C00B87BDF /* DDASLLogCapture.m */,
				6EC4F8141911961C00B87BDF /* DDASLLogger.h */,
				6EC4F8151911961C00B87BDF /* DDASLLogger.m */,
				6EC4F8161911961C00B87BDF /* DDFileLogger.h */,
				6EC4F8171911961C00B87BDF /* DDFileLogger.m */,
				6EC4F8181911961C00B87BDF /* DDLog+LOGV.h */,
				6EC4F8191911961C00B87BDF /* DDLog.h */,
				6EC4F81A1911961C00B87BDF /* DDLog.m */,
				6EC4F81B1911961C00B87BDF /* DDTTYLogger.h */,
				6EC4F81C1911961C00B87BDF /* DDTTYLogger.m */,
				6EC4F81D1911961C00B87BDF /* Extensions */,
			);
			name = Lumberjack;
			path = Dependencies/CocoaLumberjack/Lumberjack;
			sourceTree = "<group>";
		};
		6EC4F80D1911961C00B87BDF /* CLI */ = {
			isa = PBXGroup;
			children = (
				6EC4F80E1911961C00B87BDF /* CLIColor.h */,
				6EC4F80F1911961C00B87BDF /* CLIColor.m */,
			);
			path = CLI;
			sourceTree = "<group>";
		};
		6EC4F81D1911961C00B87BDF /* Extensions */ = {
			isa = PBXGroup;
			children = (
				6EC4F81E1911961C00B87BDF /* DDContextFilterLogFormatter.h */,
				6EC4F81F1911961C00B87BDF /* DDContextFilterLogFormatter.m */,
				6EC4F8201911961C00B87BDF /* DDDispatchQueueLogFormatter.h */,
				6EC4F8211911961C00B87BDF /* DDDispatchQueueLogFormatter.m */,
				6EC4F8221911961C00B87BDF /* DDMultiFormatter.h */,
				6EC4F8231911961C00B87BDF /* DDMultiFormatter.m */,
				6EC4F8241911961C00B87BDF /* README.txt */,
			);
			path = Extensions;
			sourceTree = "<group>";
		};
		6EC4F83B1911982200B87BDF /* libidn */ = {
			isa = PBXGroup;
			children = (
				6EC4F83C1911982200B87BDF /* build-libidn.sh */,
				6EC4F83D1911982200B87BDF /* idn-int.h */,
				6EC4F83E1911982200B87BDF /* libidn.a */,
				6EC4F83F1911982200B87BDF /* stringprep.h */,
			);
			name = libidn;
			path = Dependencies/XMPPFramework/Vendor/libidn;
			sourceTree = "<group>";
		};
		6ECA431019131B4400921652 /* Directory */ = {
			isa = PBXGroup;
			children = (
				6ECA431119131B5E00921652 /* FBMDirectoryWindowController.h */,
				6ECA431219131B5E00921652 /* FBMDirectoryWindowController.m */,
				6ECA431319131B5E00921652 /* FBMDirectoryWindowController.xib */,
			);
			name = Directory;
			sourceTree = "<group>";
		};
/* End PBXGroup section */

/* Begin PBXNativeTarget section */
		6E9FA36F18138ECD00785A09 /* Facebook Messenger */ = {
			isa = PBXNativeTarget;
			buildConfigurationList = 6E9FA3A118138ECE00785A09 /* Build configuration list for PBXNativeTarget "Facebook Messenger" */;
			buildPhases = (
				6E9FA36C18138ECD00785A09 /* Sources */,
				6E9FA36D18138ECD00785A09 /* Frameworks */,
				6E9FA36E18138ECD00785A09 /* Resources */,
			);
			buildRules = (
			);
			dependencies = (
			);
			name = "Facebook Messenger";
			productName = "Facebook Messenger";
			productReference = 6E9FA37018138ECE00785A09 /* Facebook Messenger.app */;
			productType = "com.apple.product-type.application";
		};
		6E9FA39018138ECE00785A09 /* Facebook MessengerTests */ = {
			isa = PBXNativeTarget;
			buildConfigurationList = 6E9FA3A418138ECE00785A09 /* Build configuration list for PBXNativeTarget "Facebook MessengerTests" */;
			buildPhases = (
				6E9FA38D18138ECE00785A09 /* Sources */,
				6E9FA38E18138ECE00785A09 /* Frameworks */,
				6E9FA38F18138ECE00785A09 /* Resources */,
			);
			buildRules = (
			);
			dependencies = (
				6E9FA39618138ECE00785A09 /* PBXTargetDependency */,
			);
			name = "Facebook MessengerTests";
			productName = "Facebook MessengerTests";
			productReference = 6E9FA39118138ECE00785A09 /* Facebook MessengerTests.xctest */;
			productType = "com.apple.product-type.bundle.unit-test";
		};
/* End PBXNativeTarget section */

/* Begin PBXProject section */
		6E9FA36818138ECD00785A09 /* Project object */ = {
			isa = PBXProject;
			attributes = {
				CLASSPREFIX = FBM;
				LastUpgradeCheck = 0500;
				ORGANIZATIONNAME = ColemanCDA;
				TargetAttributes = {
					6E9FA36F18138ECD00785A09 = {
						DevelopmentTeam = 4W79SG34MW;
						SystemCapabilities = {
							com.apple.Sandbox = {
								enabled = 1;
							};
						};
					};
					6E9FA39018138ECE00785A09 = {
						TestTargetID = 6E9FA36F18138ECD00785A09;
					};
				};
			};
			buildConfigurationList = 6E9FA36B18138ECD00785A09 /* Build configuration list for PBXProject "Facebook Messenger" */;
			compatibilityVersion = "Xcode 3.2";
			developmentRegion = English;
			hasScannedForEncodings = 0;
			knownRegions = (
				en,
				Base,
				he,
				English,
			);
			mainGroup = 6E9FA36718138ECD00785A09;
			productRefGroup = 6E9FA37118138ECE00785A09 /* Products */;
			projectDirPath = "";
			projectRoot = "";
			targets = (
				6E9FA36F18138ECD00785A09 /* Facebook Messenger */,
				6E9FA39018138ECE00785A09 /* Facebook MessengerTests */,
			);
		};
/* End PBXProject section */

/* Begin PBXResourcesBuildPhase section */
		6E9FA36E18138ECD00785A09 /* Resources */ = {
			isa = PBXResourcesBuildPhase;
			buildActionMask = 2147483647;
			files = (
				6ECA431619131B5E00921652 /* FBMDirectoryWindowController.xib in Resources */,
				6E9FA3E2181466A900785A09 /* FBMConversationWindowController.xib in Resources */,
				6E9FA37E18138ECE00785A09 /* InfoPlist.strings in Resources */,
				6E9FA3B9181439E500785A09 /* FBMInboxWindowController.xib in Resources */,
				6E9FA38C18138ECE00785A09 /* Images.xcassets in Resources */,
				6E9FA38418138ECE00785A09 /* Credits.rtf in Resources */,
				6EC4F8391911961C00B87BDF /* README.txt in Resources */,
				6E9FA38A18138ECE00785A09 /* MainMenu.xib in Resources */,
				6EC4F8401911982200B87BDF /* build-libidn.sh in Resources */,
			);
			runOnlyForDeploymentPostprocessing = 0;
		};
		6E9FA38F18138ECE00785A09 /* Resources */ = {
			isa = PBXResourcesBuildPhase;
			buildActionMask = 2147483647;
			files = (
				6EC4F83A1911961C00B87BDF /* README.txt in Resources */,
				6EC4F8411911982200B87BDF /* build-libidn.sh in Resources */,
				6ECA431719131B5E00921652 /* FBMDirectoryWindowController.xib in Resources */,
				6E9FA39C18138ECE00785A09 /* InfoPlist.strings in Resources */,
			);
			runOnlyForDeploymentPostprocessing = 0;
		};
/* End PBXResourcesBuildPhase section */

/* Begin PBXSourcesBuildPhase section */
		6E9FA36C18138ECD00785A09 /* Sources */ = {
			isa = PBXSourcesBuildPhase;
			buildActionMask = 2147483647;
			files = (
				6E5842061910A0AD00DDDCBE /* XMPPMessage.m in Sources */,
				6E5841FC1910A0AD00DDDCBE /* NSNumber+XMPP.m in Sources */,
				6E653C1F1912C2D6004F288F /* FBUser+Jabber.m in Sources */,
				6E9FA3DB18144DDC00785A09 /* FBConversationComment.m in Sources */,
				6ECA431A19131D8900921652 /* FBUserCellView.m in Sources */,
				6E5842021910A0AD00DDDCBE /* XMPPIQ.m in Sources */,
				6E5841EC1910A0AD00DDDCBE /* XMPPDeprecatedDigestAuthentication.m in Sources */,
				6E5841FE1910A0AD00DDDCBE /* NSXMLElement+XMPP.m in Sources */,
				6E9FA3AE18138F7A00785A09 /* FBMStore.m in Sources */,
				6EC4F8351911961C00B87BDF /* DDDispatchQueueLogFormatter.m in Sources */,
				6E5842101910A0AD00DDDCBE /* DDList.m in Sources */,
				6E5841F01910A0AD00DDDCBE /* XMPPDigestMD5Authentication.m in Sources */,
				6E5842161910A0AD00DDDCBE /* XMPPIDTracker.m in Sources */,
				6E9FA38718138ECE00785A09 /* FBMAppDelegate.m in Sources */,
				6E5842001910A0AD00DDDCBE /* XMPPElement.m in Sources */,
				6E5841EA1910A0AD00DDDCBE /* XMPPAnonymousAuthentication.m in Sources */,
				6E9FA3E1181466A900785A09 /* FBMConversationWindowController.m in Sources */,
				6EC4F8271911961C00B87BDF /* DDAbstractDatabaseLogger.m in Sources */,
				6E5842121910A0AD00DDDCBE /* GCDMulticastDelegate.m in Sources */,
				6EC4F82F1911961C00B87BDF /* DDLog.m in Sources */,
				6ECA431419131B5E00921652 /* FBMDirectoryWindowController.m in Sources */,
				6E5841F81910A0AD00DDDCBE /* XMPPXOAuth2Google.m in Sources */,
				6E5841EE1910A0AD00DDDCBE /* XMPPDeprecatedPlainAuthentication.m in Sources */,
				6E5841F21910A0AD00DDDCBE /* XMPPPlainAuthentication.m in Sources */,
				6E5841FA1910A0AD00DDDCBE /* NSData+XMPP.m in Sources */,
				6EC4F8311911961C00B87BDF /* DDTTYLogger.m in Sources */,
				6E9FA3E618146FAB00785A09 /* FBMessageCellView.m in Sources */,
				6E58421A1910A0AD00DDDCBE /* XMPPStringPrep.m in Sources */,
				6E9FA3D818144DDC00785A09 /* FBConversation.m in Sources */,
				6E9FA38018138ECE00785A09 /* main.m in Sources */,
				6E5842181910A0AD00DDDCBE /* XMPPSRVResolver.m in Sources */,
				6E9FA3B8181439E500785A09 /* FBMInboxWindowController.m in Sources */,
				6EC4F82B1911961C00B87BDF /* DDASLLogger.m in Sources */,
				6E9FA3D518144DDB00785A09 /* FBUser.m in Sources */,
				6E0E3889187092A600CED6B6 /* FBMAPI.m in Sources */,
				6E5841F61910A0AD00DDDCBE /* XMPPXFacebookPlatformAuthentication.m in Sources */,
				6ED475401913F9640034D719 /* FBConversation+StringRepresentation.m in Sources */,
				6E5842041910A0AD00DDDCBE /* XMPPJID.m in Sources */,
				6EC4F8291911961C00B87BDF /* DDASLLogCapture.m in Sources */,
				6EBAE37C1870D3FA004F172A /* NSDate+FBDate.m in Sources */,
				6EC4F8371911961C00B87BDF /* DDMultiFormatter.m in Sources */,
				6EC4F82D1911961C00B87BDF /* DDFileLogger.m in Sources */,
				6E58420A1910A0AD00DDDCBE /* XMPPParser.m in Sources */,
				6E5841F41910A0AD00DDDCBE /* XMPPSCRAMSHA1Authentication.m in Sources */,
				6EC4F8251911961C00B87BDF /* CLIColor.m in Sources */,
				6EC4F8331911961C00B87BDF /* DDContextFilterLogFormatter.m in Sources */,
				6E5842081910A0AD00DDDCBE /* XMPPModule.m in Sources */,
				6E9FA3B21813A6BE00785A09 /* FBModel.xcdatamodeld in Sources */,
				6E58420E1910A0AD00DDDCBE /* XMPPStream.m in Sources */,
				6E5842141910A0AD00DDDCBE /* RFImageToDataTransformer.m in Sources */,
				6E58421F1910A0D400DDDCBE /* GCDAsyncSocket.m in Sources */,
				6E58420C1910A0AD00DDDCBE /* XMPPPresence.m in Sources */,
			);
			runOnlyForDeploymentPostprocessing = 0;
		};
		6E9FA38D18138ECE00785A09 /* Sources */ = {
			isa = PBXSourcesBuildPhase;
			buildActionMask = 2147483647;
			files = (
				6E58421B1910A0AD00DDDCBE /* XMPPStringPrep.m in Sources */,
				6E5842191910A0AD00DDDCBE /* XMPPSRVResolver.m in Sources */,
				6ED475411913F9640034D719 /* FBConversation+StringRepresentation.m in Sources */,
				6E5842031910A0AD00DDDCBE /* XMPPIQ.m in Sources */,
				6E5841FD1910A0AD00DDDCBE /* NSNumber+XMPP.m in Sources */,
				6EC4F8261911961C00B87BDF /* CLIColor.m in Sources */,
				6E5842131910A0AD00DDDCBE /* GCDMulticastDelegate.m in Sources */,
				6E653C201912C2D6004F288F /* FBUser+Jabber.m in Sources */,
				6E5842071910A0AD00DDDCBE /* XMPPMessage.m in Sources */,
				6E5842201910A0D400DDDCBE /* GCDAsyncSocket.m in Sources */,
				6E5841EF1910A0AD00DDDCBE /* XMPPDeprecatedPlainAuthentication.m in Sources */,
				6EC4F82C1911961C00B87BDF /* DDASLLogger.m in Sources */,
				6E58420F1910A0AD00DDDCBE /* XMPPStream.m in Sources */,
				6EC4F8361911961C00B87BDF /* DDDispatchQueueLogFormatter.m in Sources */,
				6EC4F8281911961C00B87BDF /* DDAbstractDatabaseLogger.m in Sources */,
				6EC4F8381911961C00B87BDF /* DDMultiFormatter.m in Sources */,
				6E5841FB1910A0AD00DDDCBE /* NSData+XMPP.m in Sources */,
				6E5841EB1910A0AD00DDDCBE /* XMPPAnonymousAuthentication.m in Sources */,
				6E9FA39E18138ECE00785A09 /* Facebook_MessengerTests.m in Sources */,
				6E5841F31910A0AD00DDDCBE /* XMPPPlainAuthentication.m in Sources */,
				6E5842051910A0AD00DDDCBE /* XMPPJID.m in Sources */,
				6EC4F82E1911961C00B87BDF /* DDFileLogger.m in Sources */,
				6E58420B1910A0AD00DDDCBE /* XMPPParser.m in Sources */,
				6ECA431519131B5E00921652 /* FBMDirectoryWindowController.m in Sources */,
				6E5842091910A0AD00DDDCBE /* XMPPModule.m in Sources */,
				6E5841F91910A0AD00DDDCBE /* XMPPXOAuth2Google.m in Sources */,
				6EC4F8321911961C00B87BDF /* DDTTYLogger.m in Sources */,
				6E5842011910A0AD00DDDCBE /* XMPPElement.m in Sources */,
				6E5841F71910A0AD00DDDCBE /* XMPPXFacebookPlatformAuthentication.m in Sources */,
				6E5842171910A0AD00DDDCBE /* XMPPIDTracker.m in Sources */,
				6ECA431B19131D8900921652 /* FBUserCellView.m in Sources */,
				6E58420D1910A0AD00DDDCBE /* XMPPPresence.m in Sources */,
				6E5841F11910A0AD00DDDCBE /* XMPPDigestMD5Authentication.m in Sources */,
				6EC4F82A1911961C00B87BDF /* DDASLLogCapture.m in Sources */,
				6EC4F8301911961C00B87BDF /* DDLog.m in Sources */,
				6E5841F51910A0AD00DDDCBE /* XMPPSCRAMSHA1Authentication.m in Sources */,
				6EC4F8341911961C00B87BDF /* DDContextFilterLogFormatter.m in Sources */,
				6E5841FF1910A0AD00DDDCBE /* NSXMLElement+XMPP.m in Sources */,
				6E5842111910A0AD00DDDCBE /* DDList.m in Sources */,
				6E5841ED1910A0AD00DDDCBE /* XMPPDeprecatedDigestAuthentication.m in Sources */,
				6E5842151910A0AD00DDDCBE /* RFImageToDataTransformer.m in Sources */,
			);
			runOnlyForDeploymentPostprocessing = 0;
		};
/* End PBXSourcesBuildPhase section */

/* Begin PBXTargetDependency section */
		6E9FA39618138ECE00785A09 /* PBXTargetDependency */ = {
			isa = PBXTargetDependency;
			target = 6E9FA36F18138ECD00785A09 /* Facebook Messenger */;
			targetProxy = 6E9FA39518138ECE00785A09 /* PBXContainerItemProxy */;
		};
/* End PBXTargetDependency section */

/* Begin PBXVariantGroup section */
		6E9FA37C18138ECE00785A09 /* InfoPlist.strings */ = {
			isa = PBXVariantGroup;
			children = (
				6E9FA37D18138ECE00785A09 /* en */,
			);
			name = InfoPlist.strings;
			sourceTree = "<group>";
		};
		6E9FA38218138ECE00785A09 /* Credits.rtf */ = {
			isa = PBXVariantGroup;
			children = (
				6E9FA38318138ECE00785A09 /* en */,
			);
			name = Credits.rtf;
			sourceTree = "<group>";
		};
		6E9FA38818138ECE00785A09 /* MainMenu.xib */ = {
			isa = PBXVariantGroup;
			children = (
				6E9FA38918138ECE00785A09 /* Base */,
			);
			name = MainMenu.xib;
			sourceTree = "<group>";
		};
		6E9FA39A18138ECE00785A09 /* InfoPlist.strings */ = {
			isa = PBXVariantGroup;
			children = (
				6E9FA39B18138ECE00785A09 /* en */,
			);
			name = InfoPlist.strings;
			sourceTree = "<group>";
		};
/* End PBXVariantGroup section */

/* Begin XCBuildConfiguration section */
		6E9FA39F18138ECE00785A09 /* Debug */ = {
			isa = XCBuildConfiguration;
			buildSettings = {
				ALWAYS_SEARCH_USER_PATHS = NO;
				CLANG_CXX_LANGUAGE_STANDARD = "gnu++0x";
				CLANG_CXX_LIBRARY = "libc++";
				CLANG_ENABLE_OBJC_ARC = YES;
				CLANG_WARN_BOOL_CONVERSION = YES;
				CLANG_WARN_CONSTANT_CONVERSION = YES;
				CLANG_WARN_DIRECT_OBJC_ISA_USAGE = YES_ERROR;
				CLANG_WARN_EMPTY_BODY = YES;
				CLANG_WARN_ENUM_CONVERSION = YES;
				CLANG_WARN_INT_CONVERSION = YES;
				CLANG_WARN_OBJC_ROOT_CLASS = YES_ERROR;
				CLANG_WARN__DUPLICATE_METHOD_MATCH = YES;
				COPY_PHASE_STRIP = NO;
				GCC_C_LANGUAGE_STANDARD = gnu99;
				GCC_DYNAMIC_NO_PIC = NO;
				GCC_ENABLE_OBJC_EXCEPTIONS = YES;
				GCC_OPTIMIZATION_LEVEL = 0;
				GCC_PREPROCESSOR_DEFINITIONS = (
					"DEBUG=1",
					"$(inherited)",
				);
				GCC_SYMBOLS_PRIVATE_EXTERN = NO;
				GCC_WARN_64_TO_32_BIT_CONVERSION = YES;
				GCC_WARN_ABOUT_RETURN_TYPE = YES_ERROR;
				GCC_WARN_UNDECLARED_SELECTOR = YES;
				GCC_WARN_UNINITIALIZED_AUTOS = YES;
				GCC_WARN_UNUSED_FUNCTION = YES;
				GCC_WARN_UNUSED_VARIABLE = YES;
				MACOSX_DEPLOYMENT_TARGET = 10.9;
				ONLY_ACTIVE_ARCH = YES;
				SDKROOT = macosx;
			};
			name = Debug;
		};
		6E9FA3A018138ECE00785A09 /* Release */ = {
			isa = XCBuildConfiguration;
			buildSettings = {
				ALWAYS_SEARCH_USER_PATHS = NO;
				CLANG_CXX_LANGUAGE_STANDARD = "gnu++0x";
				CLANG_CXX_LIBRARY = "libc++";
				CLANG_ENABLE_OBJC_ARC = YES;
				CLANG_WARN_BOOL_CONVERSION = YES;
				CLANG_WARN_CONSTANT_CONVERSION = YES;
				CLANG_WARN_DIRECT_OBJC_ISA_USAGE = YES_ERROR;
				CLANG_WARN_EMPTY_BODY = YES;
				CLANG_WARN_ENUM_CONVERSION = YES;
				CLANG_WARN_INT_CONVERSION = YES;
				CLANG_WARN_OBJC_ROOT_CLASS = YES_ERROR;
				CLANG_WARN__DUPLICATE_METHOD_MATCH = YES;
				COPY_PHASE_STRIP = YES;
				DEBUG_INFORMATION_FORMAT = "dwarf-with-dsym";
				ENABLE_NS_ASSERTIONS = NO;
				GCC_C_LANGUAGE_STANDARD = gnu99;
				GCC_ENABLE_OBJC_EXCEPTIONS = YES;
				GCC_WARN_64_TO_32_BIT_CONVERSION = YES;
				GCC_WARN_ABOUT_RETURN_TYPE = YES_ERROR;
				GCC_WARN_UNDECLARED_SELECTOR = YES;
				GCC_WARN_UNINITIALIZED_AUTOS = YES;
				GCC_WARN_UNUSED_FUNCTION = YES;
				GCC_WARN_UNUSED_VARIABLE = YES;
				MACOSX_DEPLOYMENT_TARGET = 10.9;
				SDKROOT = macosx;
			};
			name = Release;
		};
		6E9FA3A218138ECE00785A09 /* Debug */ = {
			isa = XCBuildConfiguration;
			buildSettings = {
				ASSETCATALOG_COMPILER_APPICON_NAME = AppIcon;
				CLANG_ENABLE_MODULES = YES;
				CODE_SIGN_ENTITLEMENTS = "Facebook Messenger/Facebook Messenger.entitlements";
				CODE_SIGN_IDENTITY = "Mac Developer";
				COMBINE_HIDPI_IMAGES = YES;
				GCC_PRECOMPILE_PREFIX_HEADER = YES;
				GCC_PREFIX_HEADER = "Facebook Messenger/Facebook Messenger-Prefix.pch";
				HEADER_SEARCH_PATHS = (
					"$(inherited)",
					/Applications/Xcode.app/Contents/Developer/Toolchains/XcodeDefault.xctoolchain/usr/include,
					/usr/include/libxml2,
				);
				INFOPLIST_FILE = "Facebook Messenger/Facebook Messenger-Info.plist";
				LIBRARY_SEARCH_PATHS = (
					"$(inherited)",
					/Users/Coleman/Programming/My,
					Apps/Facebook,
					Messenger/Facebook,
					Messenger/Facebook,
					"Messenger/facebook-ios-sdk/vendor/OCMock/Examples/iOS5Example/usr/lib",
					/Users/Coleman/Programming/My,
					Apps/Facebook,
					Messenger/Facebook,
					Messenger/Facebook,
					"Messenger/facebook-ios-sdk/vendor/OCMock/Examples/iPhoneExample/Libraries",
					/Users/Coleman/Programming/My,
					Apps/Facebook,
					Messenger/Facebook,
					Messenger/Facebook,
					Messenger/libidn,
					"$(PROJECT_DIR)/Dependencies/XMPPFramework/Vendor/facebook-ios-sdk/vendor/OCMock/Examples/iOS5Example/usr/lib",
					"$(PROJECT_DIR)/Dependencies/XMPPFramework/Vendor/facebook-ios-sdk/vendor/OCMock/Examples/iPhoneExample/Libraries",
					"$(PROJECT_DIR)/Dependencies/XMPPFramework/Vendor/libidn",
				);
				MACOSX_DEPLOYMENT_TARGET = 10.9;
				OTHER_LDFLAGS = "-lxml2";
				PRODUCT_NAME = "$(TARGET_NAME)";
				WRAPPER_EXTENSION = app;
			};
			name = Debug;
		};
		6E9FA3A318138ECE00785A09 /* Release */ = {
			isa = XCBuildConfiguration;
			buildSettings = {
				ASSETCATALOG_COMPILER_APPICON_NAME = AppIcon;
				CLANG_ENABLE_MODULES = YES;
				CODE_SIGN_ENTITLEMENTS = "Facebook Messenger/Facebook Messenger.entitlements";
				CODE_SIGN_IDENTITY = "Mac Developer";
				COMBINE_HIDPI_IMAGES = YES;
				GCC_PRECOMPILE_PREFIX_HEADER = YES;
				GCC_PREFIX_HEADER = "Facebook Messenger/Facebook Messenger-Prefix.pch";
				HEADER_SEARCH_PATHS = (
					"$(inherited)",
					/Applications/Xcode.app/Contents/Developer/Toolchains/XcodeDefault.xctoolchain/usr/include,
					/usr/include/libxml2,
				);
				INFOPLIST_FILE = "Facebook Messenger/Facebook Messenger-Info.plist";
				LIBRARY_SEARCH_PATHS = (
					"$(inherited)",
					/Users/Coleman/Programming/My,
					Apps/Facebook,
					Messenger/Facebook,
					Messenger/Facebook,
					"Messenger/facebook-ios-sdk/vendor/OCMock/Examples/iOS5Example/usr/lib",
					/Users/Coleman/Programming/My,
					Apps/Facebook,
					Messenger/Facebook,
					Messenger/Facebook,
					"Messenger/facebook-ios-sdk/vendor/OCMock/Examples/iPhoneExample/Libraries",
					/Users/Coleman/Programming/My,
					Apps/Facebook,
					Messenger/Facebook,
					Messenger/Facebook,
					Messenger/libidn,
					"$(PROJECT_DIR)/Dependencies/XMPPFramework/Vendor/facebook-ios-sdk/vendor/OCMock/Examples/iOS5Example/usr/lib",
					"$(PROJECT_DIR)/Dependencies/XMPPFramework/Vendor/facebook-ios-sdk/vendor/OCMock/Examples/iPhoneExample/Libraries",
					"$(PROJECT_DIR)/Dependencies/XMPPFramework/Vendor/libidn",
				);
				MACOSX_DEPLOYMENT_TARGET = 10.9;
				OTHER_LDFLAGS = "-lxml2";
				PRODUCT_NAME = "$(TARGET_NAME)";
				WRAPPER_EXTENSION = app;
			};
			name = Release;
		};
		6E9FA3A518138ECE00785A09 /* Debug */ = {
			isa = XCBuildConfiguration;
			buildSettings = {
				BUNDLE_LOADER = "$(BUILT_PRODUCTS_DIR)/Facebook Messenger.app/Contents/MacOS/Facebook Messenger";
				COMBINE_HIDPI_IMAGES = YES;
				FRAMEWORK_SEARCH_PATHS = (
					"$(DEVELOPER_FRAMEWORKS_DIR)",
					"$(inherited)",
				);
				GCC_PRECOMPILE_PREFIX_HEADER = YES;
				GCC_PREFIX_HEADER = "Facebook Messenger/Facebook Messenger-Prefix.pch";
				GCC_PREPROCESSOR_DEFINITIONS = (
					"DEBUG=1",
					"$(inherited)",
				);
				INFOPLIST_FILE = "Facebook MessengerTests/Facebook MessengerTests-Info.plist";
				LIBRARY_SEARCH_PATHS = (
					"$(inherited)",
					"$(PROJECT_DIR)/Dependencies/XMPPFramework/Vendor/facebook-ios-sdk/vendor/OCMock/Examples/iOS5Example/usr/lib",
					"$(PROJECT_DIR)/Dependencies/XMPPFramework/Vendor/facebook-ios-sdk/vendor/OCMock/Examples/iPhoneExample/Libraries",
					"$(PROJECT_DIR)/Dependencies/XMPPFramework/Vendor/libidn",
				);
				MACOSX_DEPLOYMENT_TARGET = 10.8;
				PRODUCT_NAME = "$(TARGET_NAME)";
				TEST_HOST = "$(BUNDLE_LOADER)";
				WRAPPER_EXTENSION = xctest;
			};
			name = Debug;
		};
		6E9FA3A618138ECE00785A09 /* Release */ = {
			isa = XCBuildConfiguration;
			buildSettings = {
				BUNDLE_LOADER = "$(BUILT_PRODUCTS_DIR)/Facebook Messenger.app/Contents/MacOS/Facebook Messenger";
				COMBINE_HIDPI_IMAGES = YES;
				FRAMEWORK_SEARCH_PATHS = (
					"$(DEVELOPER_FRAMEWORKS_DIR)",
					"$(inherited)",
				);
				GCC_PRECOMPILE_PREFIX_HEADER = YES;
				GCC_PREFIX_HEADER = "Facebook Messenger/Facebook Messenger-Prefix.pch";
				INFOPLIST_FILE = "Facebook MessengerTests/Facebook MessengerTests-Info.plist";
				LIBRARY_SEARCH_PATHS = (
					"$(inherited)",
					"$(PROJECT_DIR)/Dependencies/XMPPFramework/Vendor/facebook-ios-sdk/vendor/OCMock/Examples/iOS5Example/usr/lib",
					"$(PROJECT_DIR)/Dependencies/XMPPFramework/Vendor/facebook-ios-sdk/vendor/OCMock/Examples/iPhoneExample/Libraries",
					"$(PROJECT_DIR)/Dependencies/XMPPFramework/Vendor/libidn",
				);
				MACOSX_DEPLOYMENT_TARGET = 10.8;
				PRODUCT_NAME = "$(TARGET_NAME)";
				TEST_HOST = "$(BUNDLE_LOADER)";
				WRAPPER_EXTENSION = xctest;
			};
			name = Release;
		};
/* End XCBuildConfiguration section */

/* Begin XCConfigurationList section */
		6E9FA36B18138ECD00785A09 /* Build configuration list for PBXProject "Facebook Messenger" */ = {
			isa = XCConfigurationList;
			buildConfigurations = (
				6E9FA39F18138ECE00785A09 /* Debug */,
				6E9FA3A018138ECE00785A09 /* Release */,
			);
			defaultConfigurationIsVisible = 0;
			defaultConfigurationName = Release;
		};
		6E9FA3A118138ECE00785A09 /* Build configuration list for PBXNativeTarget "Facebook Messenger" */ = {
			isa = XCConfigurationList;
			buildConfigurations = (
				6E9FA3A218138ECE00785A09 /* Debug */,
				6E9FA3A318138ECE00785A09 /* Release */,
			);
			defaultConfigurationIsVisible = 0;
			defaultConfigurationName = Release;
		};
		6E9FA3A418138ECE00785A09 /* Build configuration list for PBXNativeTarget "Facebook MessengerTests" */ = {
			isa = XCConfigurationList;
			buildConfigurations = (
				6E9FA3A518138ECE00785A09 /* Debug */,
				6E9FA3A618138ECE00785A09 /* Release */,
			);
			defaultConfigurationIsVisible = 0;
			defaultConfigurationName = Release;
		};
/* End XCConfigurationList section */

/* Begin XCVersionGroup section */
		6E9FA3B01813A6BE00785A09 /* FBModel.xcdatamodeld */ = {
			isa = XCVersionGroup;
			children = (
				6E9FA3B11813A6BE00785A09 /* FBModel.xcdatamodel */,
			);
			currentVersion = 6E9FA3B11813A6BE00785A09 /* FBModel.xcdatamodel */;
			path = FBModel.xcdatamodeld;
			sourceTree = "<group>";
			versionGroupType = wrapper.xcdatamodel;
		};
/* End XCVersionGroup section */
	};
	rootObject = 6E9FA36818138ECD00785A09 /* Project object */;
}
